// !$*UTF8*$!
{
	archiveVersion = 1;
	classes = {
	};
	objectVersion = 46;
	objects = {

/* Begin PBXBuildFile section */
		360DFDC81F6A694500287425 /* CustomImageVIew.swift in Sources */ = {isa = PBXBuildFile; fileRef = 360DFDC71F6A694500287425 /* CustomImageVIew.swift */; };
		360F9A691F5D6F33009ADDD2 /* GoogleService-Info.plist in Resources */ = {isa = PBXBuildFile; fileRef = 360F9A681F5D6C92009ADDD2 /* GoogleService-Info.plist */; };
		3612ED881F3D551D00AEA870 /* UIColor+Themes.swift in Sources */ = {isa = PBXBuildFile; fileRef = 3612ED871F3D551D00AEA870 /* UIColor+Themes.swift */; };
		362DF0511F52B10E00EEE73C /* NewsCell.swift in Sources */ = {isa = PBXBuildFile; fileRef = 362DF0501F52B10E00EEE73C /* NewsCell.swift */; };
		362DF0551F52D28100EEE73C /* BaseCell.swift in Sources */ = {isa = PBXBuildFile; fileRef = 362DF0541F52D28100EEE73C /* BaseCell.swift */; };
		363087F91F6162D70024D431 /* ProfileCell.swift in Sources */ = {isa = PBXBuildFile; fileRef = 363087F81F6162D70024D431 /* ProfileCell.swift */; };
		363087FB1F6179620024D431 /* ProfileHeaderView.swift in Sources */ = {isa = PBXBuildFile; fileRef = 363087FA1F6179620024D431 /* ProfileHeaderView.swift */; };
		363087FE1F618AA00024D431 /* User.swift in Sources */ = {isa = PBXBuildFile; fileRef = 363087FD1F618AA00024D431 /* User.swift */; };
		363240B11F6D7BDB00D9C8A6 /* Comment.swift in Sources */ = {isa = PBXBuildFile; fileRef = 363240B01F6D7BDB00D9C8A6 /* Comment.swift */; };
		363BA8281F5AA0D0006D0606 /* SignUpMainView.swift in Sources */ = {isa = PBXBuildFile; fileRef = 363BA8271F5AA0D0006D0606 /* SignUpMainView.swift */; };
		3648D6181F401AAB00B3E941 /* csgonew.json in Resources */ = {isa = PBXBuildFile; fileRef = 3648D6171F401AAB00B3E941 /* csgonew.json */; };
		364A18531F553E5800DAFC98 /* MainTabBarController.swift in Sources */ = {isa = PBXBuildFile; fileRef = 364A18521F553E5800DAFC98 /* MainTabBarController.swift */; };
		364A18551F55535100DAFC98 /* NewsDetailController.swift in Sources */ = {isa = PBXBuildFile; fileRef = 364A18541F55535100DAFC98 /* NewsDetailController.swift */; };
		364A185B1F5566E200DAFC98 /* ProfileController.swift in Sources */ = {isa = PBXBuildFile; fileRef = 364A185A1F5566E200DAFC98 /* ProfileController.swift */; };
		364D03681F66A12D005C9C08 /* PostController.swift in Sources */ = {isa = PBXBuildFile; fileRef = 364D03671F66A12D005C9C08 /* PostController.swift */; };
		364D036A1F66A1A2005C9C08 /* PostView.swift in Sources */ = {isa = PBXBuildFile; fileRef = 364D03691F66A1A2005C9C08 /* PostView.swift */; };
		364D036D1F66A347005C9C08 /* NewsDetailCell.swift in Sources */ = {isa = PBXBuildFile; fileRef = 364D036C1F66A347005C9C08 /* NewsDetailCell.swift */; };
		365C05491F39B47A008A2F25 /* MessageUI.framework in Frameworks */ = {isa = PBXBuildFile; fileRef = 365C05481F39B47A008A2F25 /* MessageUI.framework */; };
		365DDCE21F380FDA00364C0A /* Setting.swift in Sources */ = {isa = PBXBuildFile; fileRef = 365DDCE11F380FDA00364C0A /* Setting.swift */; };
		365DDCE51F38124200364C0A /* AboutController.swift in Sources */ = {isa = PBXBuildFile; fileRef = 365DDCE41F38124200364C0A /* AboutController.swift */; };
		365E56431F25B3A00087A6D3 /* AppDelegate.swift in Sources */ = {isa = PBXBuildFile; fileRef = 365E56421F25B3A00087A6D3 /* AppDelegate.swift */; };
		365E564A1F25B3A00087A6D3 /* Assets.xcassets in Resources */ = {isa = PBXBuildFile; fileRef = 365E56491F25B3A00087A6D3 /* Assets.xcassets */; };
		365E564D1F25B3A00087A6D3 /* LaunchScreen.storyboard in Resources */ = {isa = PBXBuildFile; fileRef = 365E564B1F25B3A00087A6D3 /* LaunchScreen.storyboard */; };
		365E56581F25B3A00087A6D3 /* PROCSGOTests.swift in Sources */ = {isa = PBXBuildFile; fileRef = 365E56571F25B3A00087A6D3 /* PROCSGOTests.swift */; };
		365E56631F25B3A00087A6D3 /* PROCSGOUITests.swift in Sources */ = {isa = PBXBuildFile; fileRef = 365E56621F25B3A00087A6D3 /* PROCSGOUITests.swift */; };
		365E56711F25B40C0087A6D3 /* TeamsController.swift in Sources */ = {isa = PBXBuildFile; fileRef = 365E56701F25B40C0087A6D3 /* TeamsController.swift */; };
		365E56731F25B9480087A6D3 /* Extensions.swift in Sources */ = {isa = PBXBuildFile; fileRef = 365E56721F25B9480087A6D3 /* Extensions.swift */; };
		365E56751F25C5930087A6D3 /* Team.swift in Sources */ = {isa = PBXBuildFile; fileRef = 365E56741F25C5930087A6D3 /* Team.swift */; };
		365E56771F25E8B10087A6D3 /* PlayersController.swift in Sources */ = {isa = PBXBuildFile; fileRef = 365E56761F25E8B10087A6D3 /* PlayersController.swift */; };
		365FF4231F5970BC00F65B2D /* LoginMainView.swift in Sources */ = {isa = PBXBuildFile; fileRef = 365FF4221F5970BC00F65B2D /* LoginMainView.swift */; };
		365FF4251F59720C00F65B2D /* Reachability.swift in Sources */ = {isa = PBXBuildFile; fileRef = 365FF4241F59720C00F65B2D /* Reachability.swift */; };
		365FF4271F59725400F65B2D /* UIView+Constraints.swift in Sources */ = {isa = PBXBuildFile; fileRef = 365FF4261F59725400F65B2D /* UIView+Constraints.swift */; };
		36631C061F30358100C6CDD5 /* PovController.swift in Sources */ = {isa = PBXBuildFile; fileRef = 36631C051F30358100C6CDD5 /* PovController.swift */; };
		366C9C841F5851DF00302D27 /* video.mov in Resources */ = {isa = PBXBuildFile; fileRef = 366C9C831F58508B00302D27 /* video.mov */; };
		366C9C861F585CC900302D27 /* VideoView.swift in Sources */ = {isa = PBXBuildFile; fileRef = 366C9C851F585CC900302D27 /* VideoView.swift */; };
		366D5BC01F5AE1CD00F2293C /* BaseView.swift in Sources */ = {isa = PBXBuildFile; fileRef = 366D5BBF1F5AE1CD00F2293C /* BaseView.swift */; };
		36817CF01F71D419008106B4 /* UIVIew+SafeAreaLayout.swift in Sources */ = {isa = PBXBuildFile; fileRef = 36817CEF1F71D419008106B4 /* UIVIew+SafeAreaLayout.swift */; };
		3689E20A1F5BA79E00354DAF /* ValidationManager.swift in Sources */ = {isa = PBXBuildFile; fileRef = 3689E2091F5BA79E00354DAF /* ValidationManager.swift */; };
		3689E2101F5BB20200354DAF /* UIView+TextDelegates.swift in Sources */ = {isa = PBXBuildFile; fileRef = 3689E20F1F5BB20200354DAF /* UIView+TextDelegates.swift */; };
		3691CC431F56D72300512962 /* SignUpController.swift in Sources */ = {isa = PBXBuildFile; fileRef = 3691CC421F56D72300512962 /* SignUpController.swift */; };
		3691CC451F56D73200512962 /* LogInController.swift in Sources */ = {isa = PBXBuildFile; fileRef = 3691CC441F56D73200512962 /* LogInController.swift */; };
		369277061F28163C00AC434A /* DetailsController.swift in Sources */ = {isa = PBXBuildFile; fileRef = 369277051F28163C00AC434A /* DetailsController.swift */; };
		36988FA91F709BA000F075C0 /* PopVC.swift in Sources */ = {isa = PBXBuildFile; fileRef = 36988FA81F709BA000F075C0 /* PopVC.swift */; };
		36988FAC1F71912100F075C0 /* AuthService.swift in Sources */ = {isa = PBXBuildFile; fileRef = 36988FAB1F71912100F075C0 /* AuthService.swift */; };
		36AA692E1F52707E003660CA /* NewsController.swift in Sources */ = {isa = PBXBuildFile; fileRef = 36AA692D1F52707E003660CA /* NewsController.swift */; };
		36AE43151F29B37300C3A386 /* ConfigController.swift in Sources */ = {isa = PBXBuildFile; fileRef = 36AE43141F29B37300C3A386 /* ConfigController.swift */; };
		36B1A3B11F6820DF006E753F /* Post.swift in Sources */ = {isa = PBXBuildFile; fileRef = 36B1A3B01F6820DF006E753F /* Post.swift */; };
		36BB86791F3723820044BDEC /* VideoCell.swift in Sources */ = {isa = PBXBuildFile; fileRef = 36BB86781F3723820044BDEC /* VideoCell.swift */; };
		36BB867B1F3723B40044BDEC /* ConfigCell.swift in Sources */ = {isa = PBXBuildFile; fileRef = 36BB867A1F3723B40044BDEC /* ConfigCell.swift */; };
		36BB867D1F3723E90044BDEC /* ConfigHeader.swift in Sources */ = {isa = PBXBuildFile; fileRef = 36BB867C1F3723E90044BDEC /* ConfigHeader.swift */; };
		36BF57641F356BEA003125C9 /* TeamCell.swift in Sources */ = {isa = PBXBuildFile; fileRef = 36BF57631F356BEA003125C9 /* TeamCell.swift */; };
		36BF57681F356C5B003125C9 /* PlayerCell.swift in Sources */ = {isa = PBXBuildFile; fileRef = 36BF57671F356C5B003125C9 /* PlayerCell.swift */; };
		36BF576B1F356CA4003125C9 /* ScreenshotsCell.swift in Sources */ = {isa = PBXBuildFile; fileRef = 36BF576A1F356CA4003125C9 /* ScreenshotsCell.swift */; };
		36BF576F1F356CF9003125C9 /* GearCell.swift in Sources */ = {isa = PBXBuildFile; fileRef = 36BF576E1F356CF9003125C9 /* GearCell.swift */; };
		36C038141F6E346100378E48 /* FirebaseUtils.swift in Sources */ = {isa = PBXBuildFile; fileRef = 36C038131F6E346100378E48 /* FirebaseUtils.swift */; };
		36D8E5251F3AEF1800DE0566 /* ConfPovCell.swift in Sources */ = {isa = PBXBuildFile; fileRef = 36D8E5241F3AEF1800DE0566 /* ConfPovCell.swift */; };
		36E93D371F6D517F002BCAE8 /* CommentsController.swift in Sources */ = {isa = PBXBuildFile; fileRef = 36E93D361F6D517F002BCAE8 /* CommentsController.swift */; };
		36E93D391F6D5602002BCAE8 /* CommentsCell.swift in Sources */ = {isa = PBXBuildFile; fileRef = 36E93D381F6D5602002BCAE8 /* CommentsCell.swift */; };
		36F9A9DF1F73527F00E14479 /* WarningView.swift in Sources */ = {isa = PBXBuildFile; fileRef = 36F9A9DE1F73527F00E14479 /* WarningView.swift */; };
		36F9A9E11F73538E00E14479 /* UIView+Keyboard.swift in Sources */ = {isa = PBXBuildFile; fileRef = 36F9A9E01F73538E00E14479 /* UIView+Keyboard.swift */; };
		93EE7048C9EAF65FF262911B /* Pods_PROCSGOTests.framework in Frameworks */ = {isa = PBXBuildFile; fileRef = 71E0C48A85FF65C2011C1827 /* Pods_PROCSGOTests.framework */; };
		B82BDC6BF8A5FEAB34ECCA8D /* Pods_PROCSGOUITests.framework in Frameworks */ = {isa = PBXBuildFile; fileRef = F169A00A0056856A9F3F8BDF /* Pods_PROCSGOUITests.framework */; };
		E22E9B6EA68793853023C8F7 /* Pods_PROCSGO.framework in Frameworks */ = {isa = PBXBuildFile; fileRef = A2C28F5F402315F816286CB0 /* Pods_PROCSGO.framework */; };
/* End PBXBuildFile section */

/* Begin PBXContainerItemProxy section */
		365E56541F25B3A00087A6D3 /* PBXContainerItemProxy */ = {
			isa = PBXContainerItemProxy;
			containerPortal = 365E56371F25B3A00087A6D3 /* Project object */;
			proxyType = 1;
			remoteGlobalIDString = 365E563E1F25B3A00087A6D3;
			remoteInfo = PROCSGO;
		};
		365E565F1F25B3A00087A6D3 /* PBXContainerItemProxy */ = {
			isa = PBXContainerItemProxy;
			containerPortal = 365E56371F25B3A00087A6D3 /* Project object */;
			proxyType = 1;
			remoteGlobalIDString = 365E563E1F25B3A00087A6D3;
			remoteInfo = PROCSGO;
		};
/* End PBXContainerItemProxy section */

/* Begin PBXFileReference section */
		2A5E14996B0ADF245DF8D006 /* Pods-PROCSGO.release.xcconfig */ = {isa = PBXFileReference; includeInIndex = 1; lastKnownFileType = text.xcconfig; name = "Pods-PROCSGO.release.xcconfig"; path = "Pods/Target Support Files/Pods-PROCSGO/Pods-PROCSGO.release.xcconfig"; sourceTree = "<group>"; };
		348C532DE19DA504F005D0A9 /* Pods-PROCSGOTests.release.xcconfig */ = {isa = PBXFileReference; includeInIndex = 1; lastKnownFileType = text.xcconfig; name = "Pods-PROCSGOTests.release.xcconfig"; path = "Pods/Target Support Files/Pods-PROCSGOTests/Pods-PROCSGOTests.release.xcconfig"; sourceTree = "<group>"; };
		360DFDC71F6A694500287425 /* CustomImageVIew.swift */ = {isa = PBXFileReference; lastKnownFileType = sourcecode.swift; path = CustomImageVIew.swift; sourceTree = "<group>"; };
		360F9A681F5D6C92009ADDD2 /* GoogleService-Info.plist */ = {isa = PBXFileReference; lastKnownFileType = text.plist.xml; path = "GoogleService-Info.plist"; sourceTree = "<group>"; };
		3612ED871F3D551D00AEA870 /* UIColor+Themes.swift */ = {isa = PBXFileReference; fileEncoding = 4; lastKnownFileType = sourcecode.swift; path = "UIColor+Themes.swift"; sourceTree = "<group>"; };
		362DF0501F52B10E00EEE73C /* NewsCell.swift */ = {isa = PBXFileReference; lastKnownFileType = sourcecode.swift; path = NewsCell.swift; sourceTree = "<group>"; };
		362DF0541F52D28100EEE73C /* BaseCell.swift */ = {isa = PBXFileReference; lastKnownFileType = sourcecode.swift; path = BaseCell.swift; sourceTree = "<group>"; };
		363087F81F6162D70024D431 /* ProfileCell.swift */ = {isa = PBXFileReference; lastKnownFileType = sourcecode.swift; path = ProfileCell.swift; sourceTree = "<group>"; };
		363087FA1F6179620024D431 /* ProfileHeaderView.swift */ = {isa = PBXFileReference; lastKnownFileType = sourcecode.swift; path = ProfileHeaderView.swift; sourceTree = "<group>"; };
		363087FD1F618AA00024D431 /* User.swift */ = {isa = PBXFileReference; lastKnownFileType = sourcecode.swift; path = User.swift; sourceTree = "<group>"; };
		363240B01F6D7BDB00D9C8A6 /* Comment.swift */ = {isa = PBXFileReference; lastKnownFileType = sourcecode.swift; path = Comment.swift; sourceTree = "<group>"; };
		363BA8271F5AA0D0006D0606 /* SignUpMainView.swift */ = {isa = PBXFileReference; lastKnownFileType = sourcecode.swift; path = SignUpMainView.swift; sourceTree = "<group>"; };
		3648D6171F401AAB00B3E941 /* csgonew.json */ = {isa = PBXFileReference; fileEncoding = 4; lastKnownFileType = text.json; path = csgonew.json; sourceTree = "<group>"; };
		364A18521F553E5800DAFC98 /* MainTabBarController.swift */ = {isa = PBXFileReference; lastKnownFileType = sourcecode.swift; path = MainTabBarController.swift; sourceTree = "<group>"; };
		364A18541F55535100DAFC98 /* NewsDetailController.swift */ = {isa = PBXFileReference; lastKnownFileType = sourcecode.swift; path = NewsDetailController.swift; sourceTree = "<group>"; };
		364A185A1F5566E200DAFC98 /* ProfileController.swift */ = {isa = PBXFileReference; lastKnownFileType = sourcecode.swift; path = ProfileController.swift; sourceTree = "<group>"; };
		364D03671F66A12D005C9C08 /* PostController.swift */ = {isa = PBXFileReference; lastKnownFileType = sourcecode.swift; path = PostController.swift; sourceTree = "<group>"; };
		364D03691F66A1A2005C9C08 /* PostView.swift */ = {isa = PBXFileReference; lastKnownFileType = sourcecode.swift; path = PostView.swift; sourceTree = "<group>"; };
		364D036C1F66A347005C9C08 /* NewsDetailCell.swift */ = {isa = PBXFileReference; lastKnownFileType = sourcecode.swift; path = NewsDetailCell.swift; sourceTree = "<group>"; };
		365C05481F39B47A008A2F25 /* MessageUI.framework */ = {isa = PBXFileReference; lastKnownFileType = wrapper.framework; name = MessageUI.framework; path = System/Library/Frameworks/MessageUI.framework; sourceTree = SDKROOT; };
		365DDCE11F380FDA00364C0A /* Setting.swift */ = {isa = PBXFileReference; fileEncoding = 4; lastKnownFileType = sourcecode.swift; path = Setting.swift; sourceTree = "<group>"; };
		365DDCE41F38124200364C0A /* AboutController.swift */ = {isa = PBXFileReference; fileEncoding = 4; lastKnownFileType = sourcecode.swift; path = AboutController.swift; sourceTree = "<group>"; };
		365E563F1F25B3A00087A6D3 /* PROCSGO.app */ = {isa = PBXFileReference; explicitFileType = wrapper.application; includeInIndex = 0; path = PROCSGO.app; sourceTree = BUILT_PRODUCTS_DIR; };
		365E56421F25B3A00087A6D3 /* AppDelegate.swift */ = {isa = PBXFileReference; lastKnownFileType = sourcecode.swift; path = AppDelegate.swift; sourceTree = "<group>"; };
		365E56491F25B3A00087A6D3 /* Assets.xcassets */ = {isa = PBXFileReference; lastKnownFileType = folder.assetcatalog; path = Assets.xcassets; sourceTree = "<group>"; };
		365E564C1F25B3A00087A6D3 /* Base */ = {isa = PBXFileReference; lastKnownFileType = file.storyboard; name = Base; path = Base.lproj/LaunchScreen.storyboard; sourceTree = "<group>"; };
		365E564E1F25B3A00087A6D3 /* Info.plist */ = {isa = PBXFileReference; lastKnownFileType = text.plist.xml; path = Info.plist; sourceTree = "<group>"; };
		365E56531F25B3A00087A6D3 /* PROCSGOTests.xctest */ = {isa = PBXFileReference; explicitFileType = wrapper.cfbundle; includeInIndex = 0; path = PROCSGOTests.xctest; sourceTree = BUILT_PRODUCTS_DIR; };
		365E56571F25B3A00087A6D3 /* PROCSGOTests.swift */ = {isa = PBXFileReference; lastKnownFileType = sourcecode.swift; path = PROCSGOTests.swift; sourceTree = "<group>"; };
		365E56591F25B3A00087A6D3 /* Info.plist */ = {isa = PBXFileReference; lastKnownFileType = text.plist.xml; path = Info.plist; sourceTree = "<group>"; };
		365E565E1F25B3A00087A6D3 /* PROCSGOUITests.xctest */ = {isa = PBXFileReference; explicitFileType = wrapper.cfbundle; includeInIndex = 0; path = PROCSGOUITests.xctest; sourceTree = BUILT_PRODUCTS_DIR; };
		365E56621F25B3A00087A6D3 /* PROCSGOUITests.swift */ = {isa = PBXFileReference; lastKnownFileType = sourcecode.swift; path = PROCSGOUITests.swift; sourceTree = "<group>"; };
		365E56641F25B3A00087A6D3 /* Info.plist */ = {isa = PBXFileReference; lastKnownFileType = text.plist.xml; path = Info.plist; sourceTree = "<group>"; };
		365E56701F25B40C0087A6D3 /* TeamsController.swift */ = {isa = PBXFileReference; fileEncoding = 4; lastKnownFileType = sourcecode.swift; path = TeamsController.swift; sourceTree = "<group>"; };
		365E56721F25B9480087A6D3 /* Extensions.swift */ = {isa = PBXFileReference; fileEncoding = 4; lastKnownFileType = sourcecode.swift; path = Extensions.swift; sourceTree = "<group>"; };
		365E56741F25C5930087A6D3 /* Team.swift */ = {isa = PBXFileReference; fileEncoding = 4; lastKnownFileType = sourcecode.swift; path = Team.swift; sourceTree = "<group>"; };
		365E56761F25E8B10087A6D3 /* PlayersController.swift */ = {isa = PBXFileReference; fileEncoding = 4; lastKnownFileType = sourcecode.swift; path = PlayersController.swift; sourceTree = "<group>"; };
		365FF4221F5970BC00F65B2D /* LoginMainView.swift */ = {isa = PBXFileReference; lastKnownFileType = sourcecode.swift; path = LoginMainView.swift; sourceTree = "<group>"; };
		365FF4241F59720C00F65B2D /* Reachability.swift */ = {isa = PBXFileReference; lastKnownFileType = sourcecode.swift; path = Reachability.swift; sourceTree = "<group>"; };
		365FF4261F59725400F65B2D /* UIView+Constraints.swift */ = {isa = PBXFileReference; lastKnownFileType = sourcecode.swift; path = "UIView+Constraints.swift"; sourceTree = "<group>"; };
		36631C051F30358100C6CDD5 /* PovController.swift */ = {isa = PBXFileReference; fileEncoding = 4; lastKnownFileType = sourcecode.swift; path = PovController.swift; sourceTree = "<group>"; };
		366C9C831F58508B00302D27 /* video.mov */ = {isa = PBXFileReference; lastKnownFileType = video.quicktime; path = video.mov; sourceTree = "<group>"; };
		366C9C851F585CC900302D27 /* VideoView.swift */ = {isa = PBXFileReference; lastKnownFileType = sourcecode.swift; path = VideoView.swift; sourceTree = "<group>"; };
		366D5BBF1F5AE1CD00F2293C /* BaseView.swift */ = {isa = PBXFileReference; lastKnownFileType = sourcecode.swift; path = BaseView.swift; sourceTree = "<group>"; };
		36817CEF1F71D419008106B4 /* UIVIew+SafeAreaLayout.swift */ = {isa = PBXFileReference; lastKnownFileType = sourcecode.swift; path = "UIVIew+SafeAreaLayout.swift"; sourceTree = "<group>"; };
		3689E2091F5BA79E00354DAF /* ValidationManager.swift */ = {isa = PBXFileReference; lastKnownFileType = sourcecode.swift; path = ValidationManager.swift; sourceTree = "<group>"; };
		3689E20F1F5BB20200354DAF /* UIView+TextDelegates.swift */ = {isa = PBXFileReference; lastKnownFileType = sourcecode.swift; path = "UIView+TextDelegates.swift"; sourceTree = "<group>"; };
		3691CC421F56D72300512962 /* SignUpController.swift */ = {isa = PBXFileReference; lastKnownFileType = sourcecode.swift; path = SignUpController.swift; sourceTree = "<group>"; };
		3691CC441F56D73200512962 /* LogInController.swift */ = {isa = PBXFileReference; lastKnownFileType = sourcecode.swift; path = LogInController.swift; sourceTree = "<group>"; };
		369277051F28163C00AC434A /* DetailsController.swift */ = {isa = PBXFileReference; fileEncoding = 4; lastKnownFileType = sourcecode.swift; path = DetailsController.swift; sourceTree = "<group>"; };
		36988FA81F709BA000F075C0 /* PopVC.swift */ = {isa = PBXFileReference; lastKnownFileType = sourcecode.swift; path = PopVC.swift; sourceTree = "<group>"; };
		36988FAB1F71912100F075C0 /* AuthService.swift */ = {isa = PBXFileReference; lastKnownFileType = sourcecode.swift; path = AuthService.swift; sourceTree = "<group>"; };
		36AA692D1F52707E003660CA /* NewsController.swift */ = {isa = PBXFileReference; lastKnownFileType = sourcecode.swift; path = NewsController.swift; sourceTree = "<group>"; };
		36AE43141F29B37300C3A386 /* ConfigController.swift */ = {isa = PBXFileReference; fileEncoding = 4; lastKnownFileType = sourcecode.swift; path = ConfigController.swift; sourceTree = "<group>"; };
		36B1A3B01F6820DF006E753F /* Post.swift */ = {isa = PBXFileReference; lastKnownFileType = sourcecode.swift; path = Post.swift; sourceTree = "<group>"; };
		36BB86781F3723820044BDEC /* VideoCell.swift */ = {isa = PBXFileReference; fileEncoding = 4; lastKnownFileType = sourcecode.swift; path = VideoCell.swift; sourceTree = "<group>"; };
		36BB867A1F3723B40044BDEC /* ConfigCell.swift */ = {isa = PBXFileReference; fileEncoding = 4; lastKnownFileType = sourcecode.swift; path = ConfigCell.swift; sourceTree = "<group>"; };
		36BB867C1F3723E90044BDEC /* ConfigHeader.swift */ = {isa = PBXFileReference; fileEncoding = 4; lastKnownFileType = sourcecode.swift; path = ConfigHeader.swift; sourceTree = "<group>"; };
		36BF57631F356BEA003125C9 /* TeamCell.swift */ = {isa = PBXFileReference; fileEncoding = 4; lastKnownFileType = sourcecode.swift; path = TeamCell.swift; sourceTree = "<group>"; };
		36BF57671F356C5B003125C9 /* PlayerCell.swift */ = {isa = PBXFileReference; fileEncoding = 4; lastKnownFileType = sourcecode.swift; path = PlayerCell.swift; sourceTree = "<group>"; };
		36BF576A1F356CA4003125C9 /* ScreenshotsCell.swift */ = {isa = PBXFileReference; fileEncoding = 4; lastKnownFileType = sourcecode.swift; path = ScreenshotsCell.swift; sourceTree = "<group>"; };
		36BF576E1F356CF9003125C9 /* GearCell.swift */ = {isa = PBXFileReference; fileEncoding = 4; lastKnownFileType = sourcecode.swift; path = GearCell.swift; sourceTree = "<group>"; };
		36C038131F6E346100378E48 /* FirebaseUtils.swift */ = {isa = PBXFileReference; lastKnownFileType = sourcecode.swift; path = FirebaseUtils.swift; sourceTree = "<group>"; };
		36D8E5241F3AEF1800DE0566 /* ConfPovCell.swift */ = {isa = PBXFileReference; fileEncoding = 4; lastKnownFileType = sourcecode.swift; path = ConfPovCell.swift; sourceTree = "<group>"; };
		36E93D361F6D517F002BCAE8 /* CommentsController.swift */ = {isa = PBXFileReference; lastKnownFileType = sourcecode.swift; path = CommentsController.swift; sourceTree = "<group>"; };
		36E93D381F6D5602002BCAE8 /* CommentsCell.swift */ = {isa = PBXFileReference; lastKnownFileType = sourcecode.swift; path = CommentsCell.swift; sourceTree = "<group>"; };
		36F9A9DE1F73527F00E14479 /* WarningView.swift */ = {isa = PBXFileReference; lastKnownFileType = sourcecode.swift; path = WarningView.swift; sourceTree = "<group>"; };
		36F9A9E01F73538E00E14479 /* UIView+Keyboard.swift */ = {isa = PBXFileReference; lastKnownFileType = sourcecode.swift; path = "UIView+Keyboard.swift"; sourceTree = "<group>"; };
		71E0C48A85FF65C2011C1827 /* Pods_PROCSGOTests.framework */ = {isa = PBXFileReference; explicitFileType = wrapper.framework; includeInIndex = 0; path = Pods_PROCSGOTests.framework; sourceTree = BUILT_PRODUCTS_DIR; };
		7FF7D81D9B1B31D58832F494 /* Pods-PROCSGOUITests.debug.xcconfig */ = {isa = PBXFileReference; includeInIndex = 1; lastKnownFileType = text.xcconfig; name = "Pods-PROCSGOUITests.debug.xcconfig"; path = "Pods/Target Support Files/Pods-PROCSGOUITests/Pods-PROCSGOUITests.debug.xcconfig"; sourceTree = "<group>"; };
		92BB27E3D9979E5E86B7CF36 /* Pods-PROCSGO.debug.xcconfig */ = {isa = PBXFileReference; includeInIndex = 1; lastKnownFileType = text.xcconfig; name = "Pods-PROCSGO.debug.xcconfig"; path = "Pods/Target Support Files/Pods-PROCSGO/Pods-PROCSGO.debug.xcconfig"; sourceTree = "<group>"; };
		A2C28F5F402315F816286CB0 /* Pods_PROCSGO.framework */ = {isa = PBXFileReference; explicitFileType = wrapper.framework; includeInIndex = 0; path = Pods_PROCSGO.framework; sourceTree = BUILT_PRODUCTS_DIR; };
		A62C8F3FFDAD5D7AC5C03987 /* Pods-PROCSGOUITests.release.xcconfig */ = {isa = PBXFileReference; includeInIndex = 1; lastKnownFileType = text.xcconfig; name = "Pods-PROCSGOUITests.release.xcconfig"; path = "Pods/Target Support Files/Pods-PROCSGOUITests/Pods-PROCSGOUITests.release.xcconfig"; sourceTree = "<group>"; };
		DBF3591247148735F5105BA5 /* Pods-PROCSGOTests.debug.xcconfig */ = {isa = PBXFileReference; includeInIndex = 1; lastKnownFileType = text.xcconfig; name = "Pods-PROCSGOTests.debug.xcconfig"; path = "Pods/Target Support Files/Pods-PROCSGOTests/Pods-PROCSGOTests.debug.xcconfig"; sourceTree = "<group>"; };
		F169A00A0056856A9F3F8BDF /* Pods_PROCSGOUITests.framework */ = {isa = PBXFileReference; explicitFileType = wrapper.framework; includeInIndex = 0; path = Pods_PROCSGOUITests.framework; sourceTree = BUILT_PRODUCTS_DIR; };
/* End PBXFileReference section */

/* Begin PBXFrameworksBuildPhase section */
		365E563C1F25B3A00087A6D3 /* Frameworks */ = {
			isa = PBXFrameworksBuildPhase;
			buildActionMask = 2147483647;
			files = (
				365C05491F39B47A008A2F25 /* MessageUI.framework in Frameworks */,
				E22E9B6EA68793853023C8F7 /* Pods_PROCSGO.framework in Frameworks */,
			);
			runOnlyForDeploymentPostprocessing = 0;
		};
		365E56501F25B3A00087A6D3 /* Frameworks */ = {
			isa = PBXFrameworksBuildPhase;
			buildActionMask = 2147483647;
			files = (
				93EE7048C9EAF65FF262911B /* Pods_PROCSGOTests.framework in Frameworks */,
			);
			runOnlyForDeploymentPostprocessing = 0;
		};
		365E565B1F25B3A00087A6D3 /* Frameworks */ = {
			isa = PBXFrameworksBuildPhase;
			buildActionMask = 2147483647;
			files = (
				B82BDC6BF8A5FEAB34ECCA8D /* Pods_PROCSGOUITests.framework in Frameworks */,
			);
			runOnlyForDeploymentPostprocessing = 0;
		};
/* End PBXFrameworksBuildPhase section */

/* Begin PBXGroup section */
		360DFDC61F6A692400287425 /* Utilities */ = {
			isa = PBXGroup;
			children = (
				365FF4241F59720C00F65B2D /* Reachability.swift */,
				36C038131F6E346100378E48 /* FirebaseUtils.swift */,
				362DF0541F52D28100EEE73C /* BaseCell.swift */,
				366D5BBF1F5AE1CD00F2293C /* BaseView.swift */,
				3689E2091F5BA79E00354DAF /* ValidationManager.swift */,
				360DFDC71F6A694500287425 /* CustomImageVIew.swift */,
				36F9A9DE1F73527F00E14479 /* WarningView.swift */,
			);
			name = Utilities;
			sourceTree = "<group>";
		};
		363BA8291F5AA3B7006D0606 /* Application Delegate */ = {
			isa = PBXGroup;
			children = (
				365E56421F25B3A00087A6D3 /* AppDelegate.swift */,
			);
			name = "Application Delegate";
			sourceTree = "<group>";
		};
		363BA82A1F5AA3EB006D0606 /* Extensions */ = {
			isa = PBXGroup;
			children = (
				365E56721F25B9480087A6D3 /* Extensions.swift */,
				3612ED871F3D551D00AEA870 /* UIColor+Themes.swift */,
				3689E20F1F5BB20200354DAF /* UIView+TextDelegates.swift */,
				365FF4261F59725400F65B2D /* UIView+Constraints.swift */,
				36F9A9E01F73538E00E14479 /* UIView+Keyboard.swift */,
				36817CEF1F71D419008106B4 /* UIVIew+SafeAreaLayout.swift */,
			);
			name = Extensions;
			sourceTree = "<group>";
		};
		363BA82C1F5AA472006D0606 /* Storyboards */ = {
			isa = PBXGroup;
			children = (
				365E564B1F25B3A00087A6D3 /* LaunchScreen.storyboard */,
			);
			name = Storyboards;
			sourceTree = "<group>";
		};
		363BA8341F5AA629006D0606 /* ModelViewController */ = {
			isa = PBXGroup;
			children = (
				364A18521F553E5800DAFC98 /* MainTabBarController.swift */,
				3691CC461F56D73800512962 /* SignIn/SignUp */,
				36AA692C1F527022003660CA /* News Tab */,
				36AA692B1F52700D003660CA /* Rosters Tab */,
				364A18591F5566AA00DAFC98 /* Profile Tab */,
			);
			name = ModelViewController;
			sourceTree = "<group>";
		};
		364A18581F55657E00DAFC98 /* Supporting Files */ = {
			isa = PBXGroup;
			children = (
				365E564E1F25B3A00087A6D3 /* Info.plist */,
				360F9A681F5D6C92009ADDD2 /* GoogleService-Info.plist */,
			);
			name = "Supporting Files";
			sourceTree = "<group>";
		};
		364A18591F5566AA00DAFC98 /* Profile Tab */ = {
			isa = PBXGroup;
			children = (
				36F9A9E21F7355DF00E14479 /* Profile */,
				365DDCE41F38124200364C0A /* AboutController.swift */,
			);
			name = "Profile Tab";
			sourceTree = "<group>";
		};
		364D036E1F66A3C6005C9C08 /* News */ = {
			isa = PBXGroup;
			children = (
				36B1A3B01F6820DF006E753F /* Post.swift */,
				36AA692D1F52707E003660CA /* NewsController.swift */,
				362DF0501F52B10E00EEE73C /* NewsCell.swift */,
				364D03701F66A417005C9C08 /* AddNewPost */,
			);
			name = News;
			sourceTree = "<group>";
		};
		364D036F1F66A3ED005C9C08 /* NewsDetails */ = {
			isa = PBXGroup;
			children = (
				364A18541F55535100DAFC98 /* NewsDetailController.swift */,
				364D036C1F66A347005C9C08 /* NewsDetailCell.swift */,
			);
			name = NewsDetails;
			sourceTree = "<group>";
		};
		364D03701F66A417005C9C08 /* AddNewPost */ = {
			isa = PBXGroup;
			children = (
				364D03671F66A12D005C9C08 /* PostController.swift */,
				364D03691F66A1A2005C9C08 /* PostView.swift */,
			);
			name = AddNewPost;
			sourceTree = "<group>";
		};
		364D03711F66A457005C9C08 /* Teams */ = {
			isa = PBXGroup;
			children = (
				365E56741F25C5930087A6D3 /* Team.swift */,
				36988FA81F709BA000F075C0 /* PopVC.swift */,
				365E56701F25B40C0087A6D3 /* TeamsController.swift */,
				36BF57631F356BEA003125C9 /* TeamCell.swift */,
			);
			name = Teams;
			sourceTree = "<group>";
		};
		364D03721F66A45D005C9C08 /* Roster */ = {
			isa = PBXGroup;
			children = (
				365E56761F25E8B10087A6D3 /* PlayersController.swift */,
				36BF57671F356C5B003125C9 /* PlayerCell.swift */,
			);
			name = Roster;
			sourceTree = "<group>";
		};
		364D03731F66A46C005C9C08 /* PlayerDetails */ = {
			isa = PBXGroup;
			children = (
				369277051F28163C00AC434A /* DetailsController.swift */,
				36BF576A1F356CA4003125C9 /* ScreenshotsCell.swift */,
				36D8E5241F3AEF1800DE0566 /* ConfPovCell.swift */,
				36BF576E1F356CF9003125C9 /* GearCell.swift */,
				364D03751F66A539005C9C08 /* Video */,
				364D03741F66A52F005C9C08 /* Config */,
			);
			name = PlayerDetails;
			sourceTree = "<group>";
		};
		364D03741F66A52F005C9C08 /* Config */ = {
			isa = PBXGroup;
			children = (
				36AE43141F29B37300C3A386 /* ConfigController.swift */,
				36BB867C1F3723E90044BDEC /* ConfigHeader.swift */,
				36BB867A1F3723B40044BDEC /* ConfigCell.swift */,
			);
			name = Config;
			sourceTree = "<group>";
		};
		364D03751F66A539005C9C08 /* Video */ = {
			isa = PBXGroup;
			children = (
				36631C051F30358100C6CDD5 /* PovController.swift */,
				36BB86781F3723820044BDEC /* VideoCell.swift */,
			);
			name = Video;
			sourceTree = "<group>";
		};
		365C05471F39B47A008A2F25 /* Frameworks */ = {
			isa = PBXGroup;
			children = (
				365C05481F39B47A008A2F25 /* MessageUI.framework */,
				A2C28F5F402315F816286CB0 /* Pods_PROCSGO.framework */,
				71E0C48A85FF65C2011C1827 /* Pods_PROCSGOTests.framework */,
				F169A00A0056856A9F3F8BDF /* Pods_PROCSGOUITests.framework */,
			);
			name = Frameworks;
			sourceTree = "<group>";
		};
		365E56361F25B3A00087A6D3 = {
			isa = PBXGroup;
			children = (
				365E56411F25B3A00087A6D3 /* PROCSGO */,
				365E56561F25B3A00087A6D3 /* PROCSGOTests */,
				365E56611F25B3A00087A6D3 /* PROCSGOUITests */,
				365C05471F39B47A008A2F25 /* Frameworks */,
				365E56401F25B3A00087A6D3 /* Products */,
				768D39D98CB0F429881A132A /* Pods */,
			);
			sourceTree = "<group>";
		};
		365E56401F25B3A00087A6D3 /* Products */ = {
			isa = PBXGroup;
			children = (
				365E563F1F25B3A00087A6D3 /* PROCSGO.app */,
				365E56531F25B3A00087A6D3 /* PROCSGOTests.xctest */,
				365E565E1F25B3A00087A6D3 /* PROCSGOUITests.xctest */,
			);
			name = Products;
			sourceTree = "<group>";
		};
		365E56411F25B3A00087A6D3 /* PROCSGO */ = {
			isa = PBXGroup;
			children = (
				363BA8291F5AA3B7006D0606 /* Application Delegate */,
				364A18581F55657E00DAFC98 /* Supporting Files */,
				36B47B541F2DB48700CECB3F /* Resources */,
				363BA82A1F5AA3EB006D0606 /* Extensions */,
				36988FAA1F71910500F075C0 /* Services */,
				360DFDC61F6A692400287425 /* Utilities */,
				363BA82C1F5AA472006D0606 /* Storyboards */,
				363BA8341F5AA629006D0606 /* ModelViewController */,
			);
			path = PROCSGO;
			sourceTree = "<group>";
		};
		365E56561F25B3A00087A6D3 /* PROCSGOTests */ = {
			isa = PBXGroup;
			children = (
				365E56571F25B3A00087A6D3 /* PROCSGOTests.swift */,
				365E56591F25B3A00087A6D3 /* Info.plist */,
			);
			path = PROCSGOTests;
			sourceTree = "<group>";
		};
		365E56611F25B3A00087A6D3 /* PROCSGOUITests */ = {
			isa = PBXGroup;
			children = (
				365E56621F25B3A00087A6D3 /* PROCSGOUITests.swift */,
				365E56641F25B3A00087A6D3 /* Info.plist */,
			);
			path = PROCSGOUITests;
			sourceTree = "<group>";
		};
		3691CC461F56D73800512962 /* SignIn/SignUp */ = {
			isa = PBXGroup;
			children = (
				3691CC441F56D73200512962 /* LogInController.swift */,
				3691CC421F56D72300512962 /* SignUpController.swift */,
				365FF4221F5970BC00F65B2D /* LoginMainView.swift */,
				363BA8271F5AA0D0006D0606 /* SignUpMainView.swift */,
				366C9C851F585CC900302D27 /* VideoView.swift */,
			);
			name = SignIn/SignUp;
			sourceTree = "<group>";
		};
		36988FAA1F71910500F075C0 /* Services */ = {
			isa = PBXGroup;
			children = (
				36988FAB1F71912100F075C0 /* AuthService.swift */,
			);
			name = Services;
			sourceTree = "<group>";
		};
		36AA692B1F52700D003660CA /* Rosters Tab */ = {
			isa = PBXGroup;
			children = (
				364D03711F66A457005C9C08 /* Teams */,
				364D03721F66A45D005C9C08 /* Roster */,
				364D03731F66A46C005C9C08 /* PlayerDetails */,
			);
			name = "Rosters Tab";
			sourceTree = "<group>";
		};
		36AA692C1F527022003660CA /* News Tab */ = {
			isa = PBXGroup;
			children = (
				364D036E1F66A3C6005C9C08 /* News */,
				364D036F1F66A3ED005C9C08 /* NewsDetails */,
				36E93D351F6D512D002BCAE8 /* Comments */,
			);
			name = "News Tab";
			sourceTree = "<group>";
		};
		36B47B541F2DB48700CECB3F /* Resources */ = {
			isa = PBXGroup;
			children = (
				366C9C831F58508B00302D27 /* video.mov */,
				3648D6171F401AAB00B3E941 /* csgonew.json */,
				365E56491F25B3A00087A6D3 /* Assets.xcassets */,
			);
			name = Resources;
			sourceTree = "<group>";
		};
		36E93D351F6D512D002BCAE8 /* Comments */ = {
			isa = PBXGroup;
			children = (
				36E93D361F6D517F002BCAE8 /* CommentsController.swift */,
				36E93D381F6D5602002BCAE8 /* CommentsCell.swift */,
				363240B01F6D7BDB00D9C8A6 /* Comment.swift */,
			);
			name = Comments;
			sourceTree = "<group>";
		};
		36F9A9E21F7355DF00E14479 /* Profile */ = {
			isa = PBXGroup;
			children = (
				364A185A1F5566E200DAFC98 /* ProfileController.swift */,
				363087FA1F6179620024D431 /* ProfileHeaderView.swift */,
				363087F81F6162D70024D431 /* ProfileCell.swift */,
				363087FD1F618AA00024D431 /* User.swift */,
				365DDCE11F380FDA00364C0A /* Setting.swift */,
			);
			name = Profile;
			sourceTree = "<group>";
		};
		768D39D98CB0F429881A132A /* Pods */ = {
			isa = PBXGroup;
			children = (
				92BB27E3D9979E5E86B7CF36 /* Pods-PROCSGO.debug.xcconfig */,
				2A5E14996B0ADF245DF8D006 /* Pods-PROCSGO.release.xcconfig */,
				DBF3591247148735F5105BA5 /* Pods-PROCSGOTests.debug.xcconfig */,
				348C532DE19DA504F005D0A9 /* Pods-PROCSGOTests.release.xcconfig */,
				7FF7D81D9B1B31D58832F494 /* Pods-PROCSGOUITests.debug.xcconfig */,
				A62C8F3FFDAD5D7AC5C03987 /* Pods-PROCSGOUITests.release.xcconfig */,
			);
			name = Pods;
			sourceTree = "<group>";
		};
/* End PBXGroup section */

/* Begin PBXNativeTarget section */
		365E563E1F25B3A00087A6D3 /* PROCSGO */ = {
			isa = PBXNativeTarget;
			buildConfigurationList = 365E56671F25B3A00087A6D3 /* Build configuration list for PBXNativeTarget "PROCSGO" */;
			buildPhases = (
				5F1A1AE2AAF8A57556088D48 /* [CP] Check Pods Manifest.lock */,
				365E563B1F25B3A00087A6D3 /* Sources */,
				365E563C1F25B3A00087A6D3 /* Frameworks */,
				365E563D1F25B3A00087A6D3 /* Resources */,
				46F0DFAA596250D4DF47A04B /* [CP] Embed Pods Frameworks */,
				A60ECBD99F135C5DFBE75182 /* [CP] Copy Pods Resources */,
			);
			buildRules = (
			);
			dependencies = (
			);
			name = PROCSGO;
			productName = PROCSGO;
			productReference = 365E563F1F25B3A00087A6D3 /* PROCSGO.app */;
			productType = "com.apple.product-type.application";
		};
		365E56521F25B3A00087A6D3 /* PROCSGOTests */ = {
			isa = PBXNativeTarget;
			buildConfigurationList = 365E566A1F25B3A00087A6D3 /* Build configuration list for PBXNativeTarget "PROCSGOTests" */;
			buildPhases = (
				0AE6DB6B3BC4977DA3044A36 /* [CP] Check Pods Manifest.lock */,
				365E564F1F25B3A00087A6D3 /* Sources */,
				365E56501F25B3A00087A6D3 /* Frameworks */,
				365E56511F25B3A00087A6D3 /* Resources */,
				25E1CAD9ACDE653CE657518B /* [CP] Embed Pods Frameworks */,
				69F863C9C96588D63F82E0DB /* [CP] Copy Pods Resources */,
			);
			buildRules = (
			);
			dependencies = (
				365E56551F25B3A00087A6D3 /* PBXTargetDependency */,
			);
			name = PROCSGOTests;
			productName = PROCSGOTests;
			productReference = 365E56531F25B3A00087A6D3 /* PROCSGOTests.xctest */;
			productType = "com.apple.product-type.bundle.unit-test";
		};
		365E565D1F25B3A00087A6D3 /* PROCSGOUITests */ = {
			isa = PBXNativeTarget;
			buildConfigurationList = 365E566D1F25B3A00087A6D3 /* Build configuration list for PBXNativeTarget "PROCSGOUITests" */;
			buildPhases = (
				86F4EDD5A2055DB13529AD6B /* [CP] Check Pods Manifest.lock */,
				365E565A1F25B3A00087A6D3 /* Sources */,
				365E565B1F25B3A00087A6D3 /* Frameworks */,
				365E565C1F25B3A00087A6D3 /* Resources */,
				D7684AE37FBFB95937416336 /* [CP] Embed Pods Frameworks */,
				D415DAD5BC84D3EF1852A998 /* [CP] Copy Pods Resources */,
			);
			buildRules = (
			);
			dependencies = (
				365E56601F25B3A00087A6D3 /* PBXTargetDependency */,
			);
			name = PROCSGOUITests;
			productName = PROCSGOUITests;
			productReference = 365E565E1F25B3A00087A6D3 /* PROCSGOUITests.xctest */;
			productType = "com.apple.product-type.bundle.ui-testing";
		};
/* End PBXNativeTarget section */

/* Begin PBXProject section */
		365E56371F25B3A00087A6D3 /* Project object */ = {
			isa = PBXProject;
			attributes = {
				LastSwiftUpdateCheck = 0830;
				LastUpgradeCheck = 0900;
				ORGANIZATIONNAME = "Pavel Bogart";
				TargetAttributes = {
					365E563E1F25B3A00087A6D3 = {
						CreatedOnToolsVersion = 8.3.3;
						DevelopmentTeam = 7CAT7V5Y6M;
						LastSwiftMigration = 0900;
						ProvisioningStyle = Automatic;
					};
					365E56521F25B3A00087A6D3 = {
						CreatedOnToolsVersion = 8.3.3;
						DevelopmentTeam = 7CAT7V5Y6M;
						LastSwiftMigration = 0900;
						ProvisioningStyle = Automatic;
						TestTargetID = 365E563E1F25B3A00087A6D3;
					};
					365E565D1F25B3A00087A6D3 = {
						CreatedOnToolsVersion = 8.3.3;
						DevelopmentTeam = 7CAT7V5Y6M;
						LastSwiftMigration = 0900;
						ProvisioningStyle = Automatic;
						TestTargetID = 365E563E1F25B3A00087A6D3;
					};
				};
			};
			buildConfigurationList = 365E563A1F25B3A00087A6D3 /* Build configuration list for PBXProject "PROCSGO" */;
			compatibilityVersion = "Xcode 3.2";
			developmentRegion = English;
			hasScannedForEncodings = 0;
			knownRegions = (
				en,
				Base,
			);
			mainGroup = 365E56361F25B3A00087A6D3;
			productRefGroup = 365E56401F25B3A00087A6D3 /* Products */;
			projectDirPath = "";
			projectRoot = "";
			targets = (
				365E563E1F25B3A00087A6D3 /* PROCSGO */,
				365E56521F25B3A00087A6D3 /* PROCSGOTests */,
				365E565D1F25B3A00087A6D3 /* PROCSGOUITests */,
			);
		};
/* End PBXProject section */

/* Begin PBXResourcesBuildPhase section */
		365E563D1F25B3A00087A6D3 /* Resources */ = {
			isa = PBXResourcesBuildPhase;
			buildActionMask = 2147483647;
			files = (
				366C9C841F5851DF00302D27 /* video.mov in Resources */,
				365E564D1F25B3A00087A6D3 /* LaunchScreen.storyboard in Resources */,
				360F9A691F5D6F33009ADDD2 /* GoogleService-Info.plist in Resources */,
				365E564A1F25B3A00087A6D3 /* Assets.xcassets in Resources */,
				3648D6181F401AAB00B3E941 /* csgonew.json in Resources */,
			);
			runOnlyForDeploymentPostprocessing = 0;
		};
		365E56511F25B3A00087A6D3 /* Resources */ = {
			isa = PBXResourcesBuildPhase;
			buildActionMask = 2147483647;
			files = (
			);
			runOnlyForDeploymentPostprocessing = 0;
		};
		365E565C1F25B3A00087A6D3 /* Resources */ = {
			isa = PBXResourcesBuildPhase;
			buildActionMask = 2147483647;
			files = (
			);
			runOnlyForDeploymentPostprocessing = 0;
		};
/* End PBXResourcesBuildPhase section */

/* Begin PBXShellScriptBuildPhase section */
		0AE6DB6B3BC4977DA3044A36 /* [CP] Check Pods Manifest.lock */ = {
			isa = PBXShellScriptBuildPhase;
			buildActionMask = 2147483647;
			files = (
			);
			inputPaths = (
				"${PODS_PODFILE_DIR_PATH}/Podfile.lock",
				"${PODS_ROOT}/Manifest.lock",
			);
			name = "[CP] Check Pods Manifest.lock";
			outputPaths = (
				"$(DERIVED_FILE_DIR)/Pods-PROCSGOTests-checkManifestLockResult.txt",
			);
			runOnlyForDeploymentPostprocessing = 0;
			shellPath = /bin/sh;
			shellScript = "diff \"${PODS_PODFILE_DIR_PATH}/Podfile.lock\" \"${PODS_ROOT}/Manifest.lock\" > /dev/null\nif [ $? != 0 ] ; then\n    # print error to STDERR\n    echo \"error: The sandbox is not in sync with the Podfile.lock. Run 'pod install' or update your CocoaPods installation.\" >&2\n    exit 1\nfi\n# This output is used by Xcode 'outputs' to avoid re-running this script phase.\necho \"SUCCESS\" > \"${SCRIPT_OUTPUT_FILE_0}\"\n";
			showEnvVarsInLog = 0;
		};
		25E1CAD9ACDE653CE657518B /* [CP] Embed Pods Frameworks */ = {
			isa = PBXShellScriptBuildPhase;
			buildActionMask = 2147483647;
			files = (
			);
			inputPaths = (
			);
			name = "[CP] Embed Pods Frameworks";
			outputPaths = (
			);
			runOnlyForDeploymentPostprocessing = 0;
			shellPath = /bin/sh;
			shellScript = "\"${SRCROOT}/Pods/Target Support Files/Pods-PROCSGOTests/Pods-PROCSGOTests-frameworks.sh\"\n";
			showEnvVarsInLog = 0;
		};
		46F0DFAA596250D4DF47A04B /* [CP] Embed Pods Frameworks */ = {
			isa = PBXShellScriptBuildPhase;
			buildActionMask = 2147483647;
			files = (
			);
			inputPaths = (
				"${SRCROOT}/Pods/Target Support Files/Pods-PROCSGO/Pods-PROCSGO-frameworks.sh",
				"${BUILT_PRODUCTS_DIR}/GTMSessionFetcher/GTMSessionFetcher.framework",
				"${BUILT_PRODUCTS_DIR}/GoogleToolboxForMac/GoogleToolboxForMac.framework",
				"${BUILT_PRODUCTS_DIR}/leveldb-library/leveldb.framework",
				"${BUILT_PRODUCTS_DIR}/nanopb/nanopb.framework",
			);
			name = "[CP] Embed Pods Frameworks";
			outputPaths = (
				"${TARGET_BUILD_DIR}/${FRAMEWORKS_FOLDER_PATH}/GTMSessionFetcher.framework",
				"${TARGET_BUILD_DIR}/${FRAMEWORKS_FOLDER_PATH}/GoogleToolboxForMac.framework",
				"${TARGET_BUILD_DIR}/${FRAMEWORKS_FOLDER_PATH}/leveldb.framework",
				"${TARGET_BUILD_DIR}/${FRAMEWORKS_FOLDER_PATH}/nanopb.framework",
			);
			runOnlyForDeploymentPostprocessing = 0;
			shellPath = /bin/sh;
			shellScript = "\"${SRCROOT}/Pods/Target Support Files/Pods-PROCSGO/Pods-PROCSGO-frameworks.sh\"\n";
			showEnvVarsInLog = 0;
		};
		5F1A1AE2AAF8A57556088D48 /* [CP] Check Pods Manifest.lock */ = {
			isa = PBXShellScriptBuildPhase;
			buildActionMask = 2147483647;
			files = (
			);
			inputPaths = (
				"${PODS_PODFILE_DIR_PATH}/Podfile.lock",
				"${PODS_ROOT}/Manifest.lock",
			);
			name = "[CP] Check Pods Manifest.lock";
			outputPaths = (
				"$(DERIVED_FILE_DIR)/Pods-PROCSGO-checkManifestLockResult.txt",
			);
			runOnlyForDeploymentPostprocessing = 0;
			shellPath = /bin/sh;
			shellScript = "diff \"${PODS_PODFILE_DIR_PATH}/Podfile.lock\" \"${PODS_ROOT}/Manifest.lock\" > /dev/null\nif [ $? != 0 ] ; then\n    # print error to STDERR\n    echo \"error: The sandbox is not in sync with the Podfile.lock. Run 'pod install' or update your CocoaPods installation.\" >&2\n    exit 1\nfi\n# This output is used by Xcode 'outputs' to avoid re-running this script phase.\necho \"SUCCESS\" > \"${SCRIPT_OUTPUT_FILE_0}\"\n";
			showEnvVarsInLog = 0;
		};
		69F863C9C96588D63F82E0DB /* [CP] Copy Pods Resources */ = {
			isa = PBXShellScriptBuildPhase;
			buildActionMask = 2147483647;
			files = (
			);
			inputPaths = (
			);
			name = "[CP] Copy Pods Resources";
			outputPaths = (
			);
			runOnlyForDeploymentPostprocessing = 0;
			shellPath = /bin/sh;
			shellScript = "\"${SRCROOT}/Pods/Target Support Files/Pods-PROCSGOTests/Pods-PROCSGOTests-resources.sh\"\n";
			showEnvVarsInLog = 0;
		};
		86F4EDD5A2055DB13529AD6B /* [CP] Check Pods Manifest.lock */ = {
			isa = PBXShellScriptBuildPhase;
			buildActionMask = 2147483647;
			files = (
			);
			inputPaths = (
				"${PODS_PODFILE_DIR_PATH}/Podfile.lock",
				"${PODS_ROOT}/Manifest.lock",
			);
			name = "[CP] Check Pods Manifest.lock";
			outputPaths = (
				"$(DERIVED_FILE_DIR)/Pods-PROCSGOUITests-checkManifestLockResult.txt",
			);
			runOnlyForDeploymentPostprocessing = 0;
			shellPath = /bin/sh;
			shellScript = "diff \"${PODS_PODFILE_DIR_PATH}/Podfile.lock\" \"${PODS_ROOT}/Manifest.lock\" > /dev/null\nif [ $? != 0 ] ; then\n    # print error to STDERR\n    echo \"error: The sandbox is not in sync with the Podfile.lock. Run 'pod install' or update your CocoaPods installation.\" >&2\n    exit 1\nfi\n# This output is used by Xcode 'outputs' to avoid re-running this script phase.\necho \"SUCCESS\" > \"${SCRIPT_OUTPUT_FILE_0}\"\n";
			showEnvVarsInLog = 0;
		};
		A60ECBD99F135C5DFBE75182 /* [CP] Copy Pods Resources */ = {
			isa = PBXShellScriptBuildPhase;
			buildActionMask = 2147483647;
			files = (
			);
			inputPaths = (
			);
			name = "[CP] Copy Pods Resources";
			outputPaths = (
			);
			runOnlyForDeploymentPostprocessing = 0;
			shellPath = /bin/sh;
			shellScript = "\"${SRCROOT}/Pods/Target Support Files/Pods-PROCSGO/Pods-PROCSGO-resources.sh\"\n";
			showEnvVarsInLog = 0;
		};
		D415DAD5BC84D3EF1852A998 /* [CP] Copy Pods Resources */ = {
			isa = PBXShellScriptBuildPhase;
			buildActionMask = 2147483647;
			files = (
			);
			inputPaths = (
			);
			name = "[CP] Copy Pods Resources";
			outputPaths = (
			);
			runOnlyForDeploymentPostprocessing = 0;
			shellPath = /bin/sh;
			shellScript = "\"${SRCROOT}/Pods/Target Support Files/Pods-PROCSGOUITests/Pods-PROCSGOUITests-resources.sh\"\n";
			showEnvVarsInLog = 0;
		};
		D7684AE37FBFB95937416336 /* [CP] Embed Pods Frameworks */ = {
			isa = PBXShellScriptBuildPhase;
			buildActionMask = 2147483647;
			files = (
			);
			inputPaths = (
			);
			name = "[CP] Embed Pods Frameworks";
			outputPaths = (
			);
			runOnlyForDeploymentPostprocessing = 0;
			shellPath = /bin/sh;
			shellScript = "\"${SRCROOT}/Pods/Target Support Files/Pods-PROCSGOUITests/Pods-PROCSGOUITests-frameworks.sh\"\n";
			showEnvVarsInLog = 0;
		};
/* End PBXShellScriptBuildPhase section */

/* Begin PBXSourcesBuildPhase section */
		365E563B1F25B3A00087A6D3 /* Sources */ = {
			isa = PBXSourcesBuildPhase;
			buildActionMask = 2147483647;
			files = (
				364A18531F553E5800DAFC98 /* MainTabBarController.swift in Sources */,
				36AA692E1F52707E003660CA /* NewsController.swift in Sources */,
				365FF4231F5970BC00F65B2D /* LoginMainView.swift in Sources */,
				365DDCE21F380FDA00364C0A /* Setting.swift in Sources */,
				3689E2101F5BB20200354DAF /* UIView+TextDelegates.swift in Sources */,
				365E56711F25B40C0087A6D3 /* TeamsController.swift in Sources */,
				36B1A3B11F6820DF006E753F /* Post.swift in Sources */,
				36BB867B1F3723B40044BDEC /* ConfigCell.swift in Sources */,
				36817CF01F71D419008106B4 /* UIVIew+SafeAreaLayout.swift in Sources */,
				364D036A1F66A1A2005C9C08 /* PostView.swift in Sources */,
				365FF4251F59720C00F65B2D /* Reachability.swift in Sources */,
				3691CC431F56D72300512962 /* SignUpController.swift in Sources */,
				36E93D391F6D5602002BCAE8 /* CommentsCell.swift in Sources */,
				36BF576F1F356CF9003125C9 /* GearCell.swift in Sources */,
				365DDCE51F38124200364C0A /* AboutController.swift in Sources */,
				365E56731F25B9480087A6D3 /* Extensions.swift in Sources */,
				36D8E5251F3AEF1800DE0566 /* ConfPovCell.swift in Sources */,
				366D5BC01F5AE1CD00F2293C /* BaseView.swift in Sources */,
				363BA8281F5AA0D0006D0606 /* SignUpMainView.swift in Sources */,
				36AE43151F29B37300C3A386 /* ConfigController.swift in Sources */,
				365E56771F25E8B10087A6D3 /* PlayersController.swift in Sources */,
				36BB86791F3723820044BDEC /* VideoCell.swift in Sources */,
				363240B11F6D7BDB00D9C8A6 /* Comment.swift in Sources */,
				362DF0551F52D28100EEE73C /* BaseCell.swift in Sources */,
				36E93D371F6D517F002BCAE8 /* CommentsController.swift in Sources */,
				365E56431F25B3A00087A6D3 /* AppDelegate.swift in Sources */,
				3689E20A1F5BA79E00354DAF /* ValidationManager.swift in Sources */,
				3612ED881F3D551D00AEA870 /* UIColor+Themes.swift in Sources */,
				36BB867D1F3723E90044BDEC /* ConfigHeader.swift in Sources */,
				369277061F28163C00AC434A /* DetailsController.swift in Sources */,
				363087F91F6162D70024D431 /* ProfileCell.swift in Sources */,
				365FF4271F59725400F65B2D /* UIView+Constraints.swift in Sources */,
				364A18551F55535100DAFC98 /* NewsDetailController.swift in Sources */,
				364A185B1F5566E200DAFC98 /* ProfileController.swift in Sources */,
				36BF576B1F356CA4003125C9 /* ScreenshotsCell.swift in Sources */,
				363087FE1F618AA00024D431 /* User.swift in Sources */,
				3691CC451F56D73200512962 /* LogInController.swift in Sources */,
				36BF57681F356C5B003125C9 /* PlayerCell.swift in Sources */,
				36988FA91F709BA000F075C0 /* PopVC.swift in Sources */,
				365E56751F25C5930087A6D3 /* Team.swift in Sources */,
				36F9A9DF1F73527F00E14479 /* WarningView.swift in Sources */,
				36F9A9E11F73538E00E14479 /* UIView+Keyboard.swift in Sources */,
				366C9C861F585CC900302D27 /* VideoView.swift in Sources */,
				360DFDC81F6A694500287425 /* CustomImageVIew.swift in Sources */,
				36631C061F30358100C6CDD5 /* PovController.swift in Sources */,
				363087FB1F6179620024D431 /* ProfileHeaderView.swift in Sources */,
				364D036D1F66A347005C9C08 /* NewsDetailCell.swift in Sources */,
				36C038141F6E346100378E48 /* FirebaseUtils.swift in Sources */,
				36BF57641F356BEA003125C9 /* TeamCell.swift in Sources */,
				36988FAC1F71912100F075C0 /* AuthService.swift in Sources */,
				364D03681F66A12D005C9C08 /* PostController.swift in Sources */,
				362DF0511F52B10E00EEE73C /* NewsCell.swift in Sources */,
			);
			runOnlyForDeploymentPostprocessing = 0;
		};
		365E564F1F25B3A00087A6D3 /* Sources */ = {
			isa = PBXSourcesBuildPhase;
			buildActionMask = 2147483647;
			files = (
				365E56581F25B3A00087A6D3 /* PROCSGOTests.swift in Sources */,
			);
			runOnlyForDeploymentPostprocessing = 0;
		};
		365E565A1F25B3A00087A6D3 /* Sources */ = {
			isa = PBXSourcesBuildPhase;
			buildActionMask = 2147483647;
			files = (
				365E56631F25B3A00087A6D3 /* PROCSGOUITests.swift in Sources */,
			);
			runOnlyForDeploymentPostprocessing = 0;
		};
/* End PBXSourcesBuildPhase section */

/* Begin PBXTargetDependency section */
		365E56551F25B3A00087A6D3 /* PBXTargetDependency */ = {
			isa = PBXTargetDependency;
			target = 365E563E1F25B3A00087A6D3 /* PROCSGO */;
			targetProxy = 365E56541F25B3A00087A6D3 /* PBXContainerItemProxy */;
		};
		365E56601F25B3A00087A6D3 /* PBXTargetDependency */ = {
			isa = PBXTargetDependency;
			target = 365E563E1F25B3A00087A6D3 /* PROCSGO */;
			targetProxy = 365E565F1F25B3A00087A6D3 /* PBXContainerItemProxy */;
		};
/* End PBXTargetDependency section */

/* Begin PBXVariantGroup section */
		365E564B1F25B3A00087A6D3 /* LaunchScreen.storyboard */ = {
			isa = PBXVariantGroup;
			children = (
				365E564C1F25B3A00087A6D3 /* Base */,
			);
			name = LaunchScreen.storyboard;
			sourceTree = "<group>";
		};
/* End PBXVariantGroup section */

/* Begin XCBuildConfiguration section */
		365E56651F25B3A00087A6D3 /* Debug */ = {
			isa = XCBuildConfiguration;
			buildSettings = {
				ALWAYS_SEARCH_USER_PATHS = NO;
				CLANG_ANALYZER_NONNULL = YES;
				CLANG_ANALYZER_NUMBER_OBJECT_CONVERSION = YES_AGGRESSIVE;
				CLANG_CXX_LANGUAGE_STANDARD = "gnu++0x";
				CLANG_CXX_LIBRARY = "libc++";
				CLANG_ENABLE_MODULES = YES;
				CLANG_ENABLE_OBJC_ARC = YES;
				CLANG_WARN_BLOCK_CAPTURE_AUTORELEASING = YES;
				CLANG_WARN_BOOL_CONVERSION = YES;
				CLANG_WARN_COMMA = YES;
				CLANG_WARN_CONSTANT_CONVERSION = YES;
				CLANG_WARN_DIRECT_OBJC_ISA_USAGE = YES_ERROR;
				CLANG_WARN_DOCUMENTATION_COMMENTS = YES;
				CLANG_WARN_EMPTY_BODY = YES;
				CLANG_WARN_ENUM_CONVERSION = YES;
				CLANG_WARN_INFINITE_RECURSION = YES;
				CLANG_WARN_INT_CONVERSION = YES;
				CLANG_WARN_NON_LITERAL_NULL_CONVERSION = YES;
				CLANG_WARN_OBJC_LITERAL_CONVERSION = YES;
				CLANG_WARN_OBJC_ROOT_CLASS = YES_ERROR;
				CLANG_WARN_RANGE_LOOP_ANALYSIS = YES;
				CLANG_WARN_STRICT_PROTOTYPES = YES;
				CLANG_WARN_SUSPICIOUS_MOVE = YES;
				CLANG_WARN_UNREACHABLE_CODE = YES;
				CLANG_WARN__DUPLICATE_METHOD_MATCH = YES;
				CODE_SIGN_IDENTITY = "iPhone Developer";
				"CODE_SIGN_IDENTITY[sdk=iphoneos*]" = "iPhone Developer";
				COPY_PHASE_STRIP = NO;
				DEBUG_INFORMATION_FORMAT = dwarf;
				ENABLE_STRICT_OBJC_MSGSEND = YES;
				ENABLE_TESTABILITY = YES;
				GCC_C_LANGUAGE_STANDARD = gnu99;
				GCC_DYNAMIC_NO_PIC = NO;
				GCC_NO_COMMON_BLOCKS = YES;
				GCC_OPTIMIZATION_LEVEL = 0;
				GCC_PREPROCESSOR_DEFINITIONS = (
					"DEBUG=1",
					"$(inherited)",
				);
				GCC_WARN_64_TO_32_BIT_CONVERSION = YES;
				GCC_WARN_ABOUT_RETURN_TYPE = YES_ERROR;
				GCC_WARN_UNDECLARED_SELECTOR = YES;
				GCC_WARN_UNINITIALIZED_AUTOS = YES_AGGRESSIVE;
				GCC_WARN_UNUSED_FUNCTION = YES;
				GCC_WARN_UNUSED_VARIABLE = YES;
				IPHONEOS_DEPLOYMENT_TARGET = 10.3;
				MTL_ENABLE_DEBUG_INFO = YES;
				ONLY_ACTIVE_ARCH = YES;
				SDKROOT = iphoneos;
				SWIFT_ACTIVE_COMPILATION_CONDITIONS = DEBUG;
				SWIFT_OPTIMIZATION_LEVEL = "-Onone";
			};
			name = Debug;
		};
		365E56661F25B3A00087A6D3 /* Release */ = {
			isa = XCBuildConfiguration;
			buildSettings = {
				ALWAYS_SEARCH_USER_PATHS = NO;
				CLANG_ANALYZER_NONNULL = YES;
				CLANG_ANALYZER_NUMBER_OBJECT_CONVERSION = YES_AGGRESSIVE;
				CLANG_CXX_LANGUAGE_STANDARD = "gnu++0x";
				CLANG_CXX_LIBRARY = "libc++";
				CLANG_ENABLE_MODULES = YES;
				CLANG_ENABLE_OBJC_ARC = YES;
				CLANG_WARN_BLOCK_CAPTURE_AUTORELEASING = YES;
				CLANG_WARN_BOOL_CONVERSION = YES;
				CLANG_WARN_COMMA = YES;
				CLANG_WARN_CONSTANT_CONVERSION = YES;
				CLANG_WARN_DIRECT_OBJC_ISA_USAGE = YES_ERROR;
				CLANG_WARN_DOCUMENTATION_COMMENTS = YES;
				CLANG_WARN_EMPTY_BODY = YES;
				CLANG_WARN_ENUM_CONVERSION = YES;
				CLANG_WARN_INFINITE_RECURSION = YES;
				CLANG_WARN_INT_CONVERSION = YES;
				CLANG_WARN_NON_LITERAL_NULL_CONVERSION = YES;
				CLANG_WARN_OBJC_LITERAL_CONVERSION = YES;
				CLANG_WARN_OBJC_ROOT_CLASS = YES_ERROR;
				CLANG_WARN_RANGE_LOOP_ANALYSIS = YES;
				CLANG_WARN_STRICT_PROTOTYPES = YES;
				CLANG_WARN_SUSPICIOUS_MOVE = YES;
				CLANG_WARN_UNREACHABLE_CODE = YES;
				CLANG_WARN__DUPLICATE_METHOD_MATCH = YES;
				CODE_SIGN_IDENTITY = "iPhone Distribution";
				"CODE_SIGN_IDENTITY[sdk=iphoneos*]" = "iPhone Developer";
				COPY_PHASE_STRIP = NO;
				DEBUG_INFORMATION_FORMAT = "dwarf-with-dsym";
				ENABLE_NS_ASSERTIONS = NO;
				ENABLE_STRICT_OBJC_MSGSEND = YES;
				GCC_C_LANGUAGE_STANDARD = gnu99;
				GCC_NO_COMMON_BLOCKS = YES;
				GCC_WARN_64_TO_32_BIT_CONVERSION = YES;
				GCC_WARN_ABOUT_RETURN_TYPE = YES_ERROR;
				GCC_WARN_UNDECLARED_SELECTOR = YES;
				GCC_WARN_UNINITIALIZED_AUTOS = YES_AGGRESSIVE;
				GCC_WARN_UNUSED_FUNCTION = YES;
				GCC_WARN_UNUSED_VARIABLE = YES;
				IPHONEOS_DEPLOYMENT_TARGET = 10.3;
				MTL_ENABLE_DEBUG_INFO = NO;
				SDKROOT = iphoneos;
				SWIFT_OPTIMIZATION_LEVEL = "-Owholemodule";
				VALIDATE_PRODUCT = YES;
			};
			name = Release;
		};
		365E56681F25B3A00087A6D3 /* Debug */ = {
			isa = XCBuildConfiguration;
			baseConfigurationReference = 92BB27E3D9979E5E86B7CF36 /* Pods-PROCSGO.debug.xcconfig */;
			buildSettings = {
				ASSETCATALOG_COMPILER_APPICON_NAME = AppIcon;
				DEVELOPMENT_TEAM = 7CAT7V5Y6M;
				INFOPLIST_FILE = PROCSGO/Info.plist;
				LD_RUNPATH_SEARCH_PATHS = "$(inherited) @executable_path/Frameworks";
				PRODUCT_BUNDLE_IDENTIFIER = bogart.PROCSGO;
				PRODUCT_NAME = "$(TARGET_NAME)";
				SWIFT_VERSION = 3.0;
			};
			name = Debug;
		};
		365E56691F25B3A00087A6D3 /* Release */ = {
			isa = XCBuildConfiguration;
			baseConfigurationReference = 2A5E14996B0ADF245DF8D006 /* Pods-PROCSGO.release.xcconfig */;
			buildSettings = {
				ASSETCATALOG_COMPILER_APPICON_NAME = AppIcon;
				DEVELOPMENT_TEAM = 7CAT7V5Y6M;
				INFOPLIST_FILE = PROCSGO/Info.plist;
				LD_RUNPATH_SEARCH_PATHS = "$(inherited) @executable_path/Frameworks";
				PRODUCT_BUNDLE_IDENTIFIER = bogart.PROCSGO;
				PRODUCT_NAME = "$(TARGET_NAME)";
				SWIFT_VERSION = 3.0;
			};
			name = Release;
		};
		365E566B1F25B3A00087A6D3 /* Debug */ = {
			isa = XCBuildConfiguration;
			baseConfigurationReference = DBF3591247148735F5105BA5 /* Pods-PROCSGOTests.debug.xcconfig */;
			buildSettings = {
				ALWAYS_EMBED_SWIFT_STANDARD_LIBRARIES = YES;
				BUNDLE_LOADER = "$(TEST_HOST)";
				DEVELOPMENT_TEAM = 7CAT7V5Y6M;
				INFOPLIST_FILE = PROCSGOTests/Info.plist;
				LD_RUNPATH_SEARCH_PATHS = "$(inherited) @executable_path/Frameworks @loader_path/Frameworks";
				PRODUCT_BUNDLE_IDENTIFIER = bogart.PROCSGOTests;
				PRODUCT_NAME = "$(TARGET_NAME)";
				SWIFT_VERSION = 3.0;
				TEST_HOST = "$(BUILT_PRODUCTS_DIR)/PROCSGO.app/PROCSGO";
			};
			name = Debug;
		};
		365E566C1F25B3A00087A6D3 /* Release */ = {
			isa = XCBuildConfiguration;
			baseConfigurationReference = 348C532DE19DA504F005D0A9 /* Pods-PROCSGOTests.release.xcconfig */;
			buildSettings = {
				ALWAYS_EMBED_SWIFT_STANDARD_LIBRARIES = YES;
				BUNDLE_LOADER = "$(TEST_HOST)";
				DEVELOPMENT_TEAM = 7CAT7V5Y6M;
				INFOPLIST_FILE = PROCSGOTests/Info.plist;
				LD_RUNPATH_SEARCH_PATHS = "$(inherited) @executable_path/Frameworks @loader_path/Frameworks";
				PRODUCT_BUNDLE_IDENTIFIER = bogart.PROCSGOTests;
				PRODUCT_NAME = "$(TARGET_NAME)";
				SWIFT_VERSION = 3.0;
				TEST_HOST = "$(BUILT_PRODUCTS_DIR)/PROCSGO.app/PROCSGO";
			};
			name = Release;
		};
		365E566E1F25B3A00087A6D3 /* Debug */ = {
			isa = XCBuildConfiguration;
			baseConfigurationReference = 7FF7D81D9B1B31D58832F494 /* Pods-PROCSGOUITests.debug.xcconfig */;
			buildSettings = {
				ALWAYS_EMBED_SWIFT_STANDARD_LIBRARIES = YES;
				DEVELOPMENT_TEAM = 7CAT7V5Y6M;
				INFOPLIST_FILE = PROCSGOUITests/Info.plist;
				LD_RUNPATH_SEARCH_PATHS = "$(inherited) @executable_path/Frameworks @loader_path/Frameworks";
				PRODUCT_BUNDLE_IDENTIFIER = bogart.PROCSGOUITests;
				PRODUCT_NAME = "$(TARGET_NAME)";
				SWIFT_VERSION = 3.0;
				TEST_TARGET_NAME = PROCSGO;
			};
			name = Debug;
		};
		365E566F1F25B3A00087A6D3 /* Release */ = {
			isa = XCBuildConfiguration;
			baseConfigurationReference = A62C8F3FFDAD5D7AC5C03987 /* Pods-PROCSGOUITests.release.xcconfig */;
			buildSettings = {
				ALWAYS_EMBED_SWIFT_STANDARD_LIBRARIES = YES;
				DEVELOPMENT_TEAM = 7CAT7V5Y6M;
				INFOPLIST_FILE = PROCSGOUITests/Info.plist;
				LD_RUNPATH_SEARCH_PATHS = "$(inherited) @executable_path/Frameworks @loader_path/Frameworks";
				PRODUCT_BUNDLE_IDENTIFIER = bogart.PROCSGOUITests;
				PRODUCT_NAME = "$(TARGET_NAME)";
				SWIFT_VERSION = 3.0;
				TEST_TARGET_NAME = PROCSGO;
			};
			name = Release;
		};
/* End XCBuildConfiguration section */

/* Begin XCConfigurationList section */
		365E563A1F25B3A00087A6D3 /* Build configuration list for PBXProject "PROCSGO" */ = {
			isa = XCConfigurationList;
			buildConfigurations = (
				365E56651F25B3A00087A6D3 /* Debug */,
				365E56661F25B3A00087A6D3 /* Release */,
			);
			defaultConfigurationIsVisible = 0;
			defaultConfigurationName = Release;
		};
		365E56671F25B3A00087A6D3 /* Build configuration list for PBXNativeTarget "PROCSGO" */ = {
			isa = XCConfigurationList;
			buildConfigurations = (
				365E56681F25B3A00087A6D3 /* Debug */,
				365E56691F25B3A00087A6D3 /* Release */,
			);
			defaultConfigurationIsVisible = 0;
			defaultConfigurationName = Release;
		};
		365E566A1F25B3A00087A6D3 /* Build configuration list for PBXNativeTarget "PROCSGOTests" */ = {
			isa = XCConfigurationList;
			buildConfigurations = (
				365E566B1F25B3A00087A6D3 /* Debug */,
				365E566C1F25B3A00087A6D3 /* Release */,
			);
			defaultConfigurationIsVisible = 0;
			defaultConfigurationName = Release;
		};
		365E566D1F25B3A00087A6D3 /* Build configuration list for PBXNativeTarget "PROCSGOUITests" */ = {
			isa = XCConfigurationList;
			buildConfigurations = (
				365E566E1F25B3A00087A6D3 /* Debug */,
				365E566F1F25B3A00087A6D3 /* Release */,
			);
			defaultConfigurationIsVisible = 0;
			defaultConfigurationName = Release;
		};
/* End XCConfigurationList section */
	};
	rootObject = 365E56371F25B3A00087A6D3 /* Project object */;
}
