// !$*UTF8*$!
{
	archiveVersion = 1;
	classes = {
	};
	objectVersion = 46;
	objects = {

/* Begin PBXBuildFile section */
		3612ED881F3D551D00AEA870 /* Constants.swift in Sources */ = {isa = PBXBuildFile; fileRef = 3612ED871F3D551D00AEA870 /* Constants.swift */; };
		362DF0511F52B10E00EEE73C /* NewsCell.swift in Sources */ = {isa = PBXBuildFile; fileRef = 362DF0501F52B10E00EEE73C /* NewsCell.swift */; };
		362DF0551F52D28100EEE73C /* BaseCell.swift in Sources */ = {isa = PBXBuildFile; fileRef = 362DF0541F52D28100EEE73C /* BaseCell.swift */; };
		3648D6181F401AAB00B3E941 /* csgonew.json in Resources */ = {isa = PBXBuildFile; fileRef = 3648D6171F401AAB00B3E941 /* csgonew.json */; };
		364A18531F553E5800DAFC98 /* MainTabBarController.swift in Sources */ = {isa = PBXBuildFile; fileRef = 364A18521F553E5800DAFC98 /* MainTabBarController.swift */; };
		364A18551F55535100DAFC98 /* NewsDetailController.swift in Sources */ = {isa = PBXBuildFile; fileRef = 364A18541F55535100DAFC98 /* NewsDetailController.swift */; };
		364A185B1F5566E200DAFC98 /* ProfileController.swift in Sources */ = {isa = PBXBuildFile; fileRef = 364A185A1F5566E200DAFC98 /* ProfileController.swift */; };
		3655DA6F1F4A769E003BA1F0 /* PopVC.swift in Sources */ = {isa = PBXBuildFile; fileRef = 3655DA6E1F4A769E003BA1F0 /* PopVC.swift */; };
		365C05491F39B47A008A2F25 /* MessageUI.framework in Frameworks */ = {isa = PBXBuildFile; fileRef = 365C05481F39B47A008A2F25 /* MessageUI.framework */; };
		365DDCE21F380FDA00364C0A /* SettingModel.swift in Sources */ = {isa = PBXBuildFile; fileRef = 365DDCE11F380FDA00364C0A /* SettingModel.swift */; };
		365DDCE51F38124200364C0A /* AboutController.swift in Sources */ = {isa = PBXBuildFile; fileRef = 365DDCE41F38124200364C0A /* AboutController.swift */; };
		365E56431F25B3A00087A6D3 /* AppDelegate.swift in Sources */ = {isa = PBXBuildFile; fileRef = 365E56421F25B3A00087A6D3 /* AppDelegate.swift */; };
		365E564A1F25B3A00087A6D3 /* Assets.xcassets in Resources */ = {isa = PBXBuildFile; fileRef = 365E56491F25B3A00087A6D3 /* Assets.xcassets */; };
		365E564D1F25B3A00087A6D3 /* LaunchScreen.storyboard in Resources */ = {isa = PBXBuildFile; fileRef = 365E564B1F25B3A00087A6D3 /* LaunchScreen.storyboard */; };
		365E56581F25B3A00087A6D3 /* PROCSGOTests.swift in Sources */ = {isa = PBXBuildFile; fileRef = 365E56571F25B3A00087A6D3 /* PROCSGOTests.swift */; };
		365E56631F25B3A00087A6D3 /* PROCSGOUITests.swift in Sources */ = {isa = PBXBuildFile; fileRef = 365E56621F25B3A00087A6D3 /* PROCSGOUITests.swift */; };
		365E56711F25B40C0087A6D3 /* TeamsController.swift in Sources */ = {isa = PBXBuildFile; fileRef = 365E56701F25B40C0087A6D3 /* TeamsController.swift */; };
		365E56731F25B9480087A6D3 /* Extensions.swift in Sources */ = {isa = PBXBuildFile; fileRef = 365E56721F25B9480087A6D3 /* Extensions.swift */; };
		365E56751F25C5930087A6D3 /* Model.swift in Sources */ = {isa = PBXBuildFile; fileRef = 365E56741F25C5930087A6D3 /* Model.swift */; };
		365E56771F25E8B10087A6D3 /* PlayersController.swift in Sources */ = {isa = PBXBuildFile; fileRef = 365E56761F25E8B10087A6D3 /* PlayersController.swift */; };
		36631C061F30358100C6CDD5 /* PovController.swift in Sources */ = {isa = PBXBuildFile; fileRef = 36631C051F30358100C6CDD5 /* PovController.swift */; };
		369277061F28163C00AC434A /* DetailsController.swift in Sources */ = {isa = PBXBuildFile; fileRef = 369277051F28163C00AC434A /* DetailsController.swift */; };
		36AA692E1F52707E003660CA /* NewsController.swift in Sources */ = {isa = PBXBuildFile; fileRef = 36AA692D1F52707E003660CA /* NewsController.swift */; };
		36AE43151F29B37300C3A386 /* ConfigController.swift in Sources */ = {isa = PBXBuildFile; fileRef = 36AE43141F29B37300C3A386 /* ConfigController.swift */; };
		36BB86791F3723820044BDEC /* VideoCell.swift in Sources */ = {isa = PBXBuildFile; fileRef = 36BB86781F3723820044BDEC /* VideoCell.swift */; };
		36BB867B1F3723B40044BDEC /* ConfigCell.swift in Sources */ = {isa = PBXBuildFile; fileRef = 36BB867A1F3723B40044BDEC /* ConfigCell.swift */; };
		36BB867D1F3723E90044BDEC /* ConfigHeader.swift in Sources */ = {isa = PBXBuildFile; fileRef = 36BB867C1F3723E90044BDEC /* ConfigHeader.swift */; };
		36BB86801F3739E00044BDEC /* SettingsLauncher.swift in Sources */ = {isa = PBXBuildFile; fileRef = 36BB867F1F3739E00044BDEC /* SettingsLauncher.swift */; };
		36BB86821F3745200044BDEC /* SettingCell.swift in Sources */ = {isa = PBXBuildFile; fileRef = 36BB86811F3745200044BDEC /* SettingCell.swift */; };
		36BF57641F356BEA003125C9 /* TeamCell.swift in Sources */ = {isa = PBXBuildFile; fileRef = 36BF57631F356BEA003125C9 /* TeamCell.swift */; };
		36BF57681F356C5B003125C9 /* PlayerCell.swift in Sources */ = {isa = PBXBuildFile; fileRef = 36BF57671F356C5B003125C9 /* PlayerCell.swift */; };
		36BF576B1F356CA4003125C9 /* ScreenshotsCell.swift in Sources */ = {isa = PBXBuildFile; fileRef = 36BF576A1F356CA4003125C9 /* ScreenshotsCell.swift */; };
		36BF576D1F356CD0003125C9 /* DescriptionCell.swift in Sources */ = {isa = PBXBuildFile; fileRef = 36BF576C1F356CD0003125C9 /* DescriptionCell.swift */; };
		36BF576F1F356CF9003125C9 /* GearCell.swift in Sources */ = {isa = PBXBuildFile; fileRef = 36BF576E1F356CF9003125C9 /* GearCell.swift */; };
		36D8E5251F3AEF1800DE0566 /* ConfCell.swift in Sources */ = {isa = PBXBuildFile; fileRef = 36D8E5241F3AEF1800DE0566 /* ConfCell.swift */; };
/* End PBXBuildFile section */

/* Begin PBXContainerItemProxy section */
		365E56541F25B3A00087A6D3 /* PBXContainerItemProxy */ = {
			isa = PBXContainerItemProxy;
			containerPortal = 365E56371F25B3A00087A6D3 /* Project object */;
			proxyType = 1;
			remoteGlobalIDString = 365E563E1F25B3A00087A6D3;
			remoteInfo = PROCSGO;
		};
		365E565F1F25B3A00087A6D3 /* PBXContainerItemProxy */ = {
			isa = PBXContainerItemProxy;
			containerPortal = 365E56371F25B3A00087A6D3 /* Project object */;
			proxyType = 1;
			remoteGlobalIDString = 365E563E1F25B3A00087A6D3;
			remoteInfo = PROCSGO;
		};
/* End PBXContainerItemProxy section */

/* Begin PBXFileReference section */
		3612ED871F3D551D00AEA870 /* Constants.swift */ = {isa = PBXFileReference; fileEncoding = 4; lastKnownFileType = sourcecode.swift; path = Constants.swift; sourceTree = "<group>"; };
		362DF0501F52B10E00EEE73C /* NewsCell.swift */ = {isa = PBXFileReference; lastKnownFileType = sourcecode.swift; path = NewsCell.swift; sourceTree = "<group>"; };
		362DF0541F52D28100EEE73C /* BaseCell.swift */ = {isa = PBXFileReference; lastKnownFileType = sourcecode.swift; path = BaseCell.swift; sourceTree = "<group>"; };
		3648D6171F401AAB00B3E941 /* csgonew.json */ = {isa = PBXFileReference; fileEncoding = 4; lastKnownFileType = text.json; path = csgonew.json; sourceTree = "<group>"; };
		364A18521F553E5800DAFC98 /* MainTabBarController.swift */ = {isa = PBXFileReference; lastKnownFileType = sourcecode.swift; path = MainTabBarController.swift; sourceTree = "<group>"; };
		364A18541F55535100DAFC98 /* NewsDetailController.swift */ = {isa = PBXFileReference; lastKnownFileType = sourcecode.swift; path = NewsDetailController.swift; sourceTree = "<group>"; };
		364A185A1F5566E200DAFC98 /* ProfileController.swift */ = {isa = PBXFileReference; lastKnownFileType = sourcecode.swift; path = ProfileController.swift; sourceTree = "<group>"; };
		3655DA6E1F4A769E003BA1F0 /* PopVC.swift */ = {isa = PBXFileReference; lastKnownFileType = sourcecode.swift; path = PopVC.swift; sourceTree = "<group>"; };
		365C05481F39B47A008A2F25 /* MessageUI.framework */ = {isa = PBXFileReference; lastKnownFileType = wrapper.framework; name = MessageUI.framework; path = System/Library/Frameworks/MessageUI.framework; sourceTree = SDKROOT; };
		365DDCE11F380FDA00364C0A /* SettingModel.swift */ = {isa = PBXFileReference; fileEncoding = 4; lastKnownFileType = sourcecode.swift; path = SettingModel.swift; sourceTree = "<group>"; };
		365DDCE41F38124200364C0A /* AboutController.swift */ = {isa = PBXFileReference; fileEncoding = 4; lastKnownFileType = sourcecode.swift; path = AboutController.swift; sourceTree = "<group>"; };
		365E563F1F25B3A00087A6D3 /* PROCSGO.app */ = {isa = PBXFileReference; explicitFileType = wrapper.application; includeInIndex = 0; path = PROCSGO.app; sourceTree = BUILT_PRODUCTS_DIR; };
		365E56421F25B3A00087A6D3 /* AppDelegate.swift */ = {isa = PBXFileReference; lastKnownFileType = sourcecode.swift; path = AppDelegate.swift; sourceTree = "<group>"; };
		365E56491F25B3A00087A6D3 /* Assets.xcassets */ = {isa = PBXFileReference; lastKnownFileType = folder.assetcatalog; path = Assets.xcassets; sourceTree = "<group>"; };
		365E564C1F25B3A00087A6D3 /* Base */ = {isa = PBXFileReference; lastKnownFileType = file.storyboard; name = Base; path = Base.lproj/LaunchScreen.storyboard; sourceTree = "<group>"; };
		365E564E1F25B3A00087A6D3 /* Info.plist */ = {isa = PBXFileReference; lastKnownFileType = text.plist.xml; path = Info.plist; sourceTree = "<group>"; };
		365E56531F25B3A00087A6D3 /* PROCSGOTests.xctest */ = {isa = PBXFileReference; explicitFileType = wrapper.cfbundle; includeInIndex = 0; path = PROCSGOTests.xctest; sourceTree = BUILT_PRODUCTS_DIR; };
		365E56571F25B3A00087A6D3 /* PROCSGOTests.swift */ = {isa = PBXFileReference; lastKnownFileType = sourcecode.swift; path = PROCSGOTests.swift; sourceTree = "<group>"; };
		365E56591F25B3A00087A6D3 /* Info.plist */ = {isa = PBXFileReference; lastKnownFileType = text.plist.xml; path = Info.plist; sourceTree = "<group>"; };
		365E565E1F25B3A00087A6D3 /* PROCSGOUITests.xctest */ = {isa = PBXFileReference; explicitFileType = wrapper.cfbundle; includeInIndex = 0; path = PROCSGOUITests.xctest; sourceTree = BUILT_PRODUCTS_DIR; };
		365E56621F25B3A00087A6D3 /* PROCSGOUITests.swift */ = {isa = PBXFileReference; lastKnownFileType = sourcecode.swift; path = PROCSGOUITests.swift; sourceTree = "<group>"; };
		365E56641F25B3A00087A6D3 /* Info.plist */ = {isa = PBXFileReference; lastKnownFileType = text.plist.xml; path = Info.plist; sourceTree = "<group>"; };
		365E56701F25B40C0087A6D3 /* TeamsController.swift */ = {isa = PBXFileReference; fileEncoding = 4; lastKnownFileType = sourcecode.swift; path = TeamsController.swift; sourceTree = "<group>"; };
		365E56721F25B9480087A6D3 /* Extensions.swift */ = {isa = PBXFileReference; fileEncoding = 4; lastKnownFileType = sourcecode.swift; path = Extensions.swift; sourceTree = "<group>"; };
		365E56741F25C5930087A6D3 /* Model.swift */ = {isa = PBXFileReference; fileEncoding = 4; lastKnownFileType = sourcecode.swift; path = Model.swift; sourceTree = "<group>"; };
		365E56761F25E8B10087A6D3 /* PlayersController.swift */ = {isa = PBXFileReference; fileEncoding = 4; lastKnownFileType = sourcecode.swift; path = PlayersController.swift; sourceTree = "<group>"; };
		36631C051F30358100C6CDD5 /* PovController.swift */ = {isa = PBXFileReference; fileEncoding = 4; lastKnownFileType = sourcecode.swift; path = PovController.swift; sourceTree = "<group>"; };
		369277051F28163C00AC434A /* DetailsController.swift */ = {isa = PBXFileReference; fileEncoding = 4; lastKnownFileType = sourcecode.swift; path = DetailsController.swift; sourceTree = "<group>"; };
		36AA692D1F52707E003660CA /* NewsController.swift */ = {isa = PBXFileReference; lastKnownFileType = sourcecode.swift; path = NewsController.swift; sourceTree = "<group>"; };
		36AE43141F29B37300C3A386 /* ConfigController.swift */ = {isa = PBXFileReference; fileEncoding = 4; lastKnownFileType = sourcecode.swift; path = ConfigController.swift; sourceTree = "<group>"; };
		36BB86781F3723820044BDEC /* VideoCell.swift */ = {isa = PBXFileReference; fileEncoding = 4; lastKnownFileType = sourcecode.swift; path = VideoCell.swift; sourceTree = "<group>"; };
		36BB867A1F3723B40044BDEC /* ConfigCell.swift */ = {isa = PBXFileReference; fileEncoding = 4; lastKnownFileType = sourcecode.swift; path = ConfigCell.swift; sourceTree = "<group>"; };
		36BB867C1F3723E90044BDEC /* ConfigHeader.swift */ = {isa = PBXFileReference; fileEncoding = 4; lastKnownFileType = sourcecode.swift; path = ConfigHeader.swift; sourceTree = "<group>"; };
		36BB867F1F3739E00044BDEC /* SettingsLauncher.swift */ = {isa = PBXFileReference; fileEncoding = 4; lastKnownFileType = sourcecode.swift; path = SettingsLauncher.swift; sourceTree = "<group>"; };
		36BB86811F3745200044BDEC /* SettingCell.swift */ = {isa = PBXFileReference; fileEncoding = 4; lastKnownFileType = sourcecode.swift; path = SettingCell.swift; sourceTree = "<group>"; };
		36BF57631F356BEA003125C9 /* TeamCell.swift */ = {isa = PBXFileReference; fileEncoding = 4; lastKnownFileType = sourcecode.swift; path = TeamCell.swift; sourceTree = "<group>"; };
		36BF57671F356C5B003125C9 /* PlayerCell.swift */ = {isa = PBXFileReference; fileEncoding = 4; lastKnownFileType = sourcecode.swift; path = PlayerCell.swift; sourceTree = "<group>"; };
		36BF576A1F356CA4003125C9 /* ScreenshotsCell.swift */ = {isa = PBXFileReference; fileEncoding = 4; lastKnownFileType = sourcecode.swift; path = ScreenshotsCell.swift; sourceTree = "<group>"; };
		36BF576C1F356CD0003125C9 /* DescriptionCell.swift */ = {isa = PBXFileReference; fileEncoding = 4; lastKnownFileType = sourcecode.swift; path = DescriptionCell.swift; sourceTree = "<group>"; };
		36BF576E1F356CF9003125C9 /* GearCell.swift */ = {isa = PBXFileReference; fileEncoding = 4; lastKnownFileType = sourcecode.swift; path = GearCell.swift; sourceTree = "<group>"; };
		36D8E5241F3AEF1800DE0566 /* ConfCell.swift */ = {isa = PBXFileReference; fileEncoding = 4; lastKnownFileType = sourcecode.swift; path = ConfCell.swift; sourceTree = "<group>"; };
/* End PBXFileReference section */

/* Begin PBXFrameworksBuildPhase section */
		365E563C1F25B3A00087A6D3 /* Frameworks */ = {
			isa = PBXFrameworksBuildPhase;
			buildActionMask = 2147483647;
			files = (
				365C05491F39B47A008A2F25 /* MessageUI.framework in Frameworks */,
			);
			runOnlyForDeploymentPostprocessing = 0;
		};
		365E56501F25B3A00087A6D3 /* Frameworks */ = {
			isa = PBXFrameworksBuildPhase;
			buildActionMask = 2147483647;
			files = (
			);
			runOnlyForDeploymentPostprocessing = 0;
		};
		365E565B1F25B3A00087A6D3 /* Frameworks */ = {
			isa = PBXFrameworksBuildPhase;
			buildActionMask = 2147483647;
			files = (
			);
			runOnlyForDeploymentPostprocessing = 0;
		};
/* End PBXFrameworksBuildPhase section */

/* Begin PBXGroup section */
		364A18561F55635B00DAFC98 /* Controller */ = {
			isa = PBXGroup;
			children = (
				36AA692D1F52707E003660CA /* NewsController.swift */,
				364A18541F55535100DAFC98 /* NewsDetailController.swift */,
			);
			name = Controller;
			sourceTree = "<group>";
		};
		364A18571F55636C00DAFC98 /* View */ = {
			isa = PBXGroup;
			children = (
				362DF0501F52B10E00EEE73C /* NewsCell.swift */,
			);
			name = View;
			sourceTree = "<group>";
		};
		364A18581F55657E00DAFC98 /* Supporting Files */ = {
			isa = PBXGroup;
			children = (
				365E564E1F25B3A00087A6D3 /* Info.plist */,
				365E564B1F25B3A00087A6D3 /* LaunchScreen.storyboard */,
				365E56491F25B3A00087A6D3 /* Assets.xcassets */,
			);
			name = "Supporting Files";
			sourceTree = "<group>";
		};
		364A18591F5566AA00DAFC98 /* Profile */ = {
			isa = PBXGroup;
			children = (
				364A185A1F5566E200DAFC98 /* ProfileController.swift */,
			);
			name = Profile;
			sourceTree = "<group>";
		};
		365C05471F39B47A008A2F25 /* Frameworks */ = {
			isa = PBXGroup;
			children = (
				365C05481F39B47A008A2F25 /* MessageUI.framework */,
			);
			name = Frameworks;
			sourceTree = "<group>";
		};
		365DDCE31F38122200364C0A /* Settings */ = {
			isa = PBXGroup;
			children = (
				36BB867F1F3739E00044BDEC /* SettingsLauncher.swift */,
				36BB86811F3745200044BDEC /* SettingCell.swift */,
				365DDCE11F380FDA00364C0A /* SettingModel.swift */,
				365DDCE41F38124200364C0A /* AboutController.swift */,
			);
			name = Settings;
			sourceTree = "<group>";
		};
		365E56361F25B3A00087A6D3 = {
			isa = PBXGroup;
			children = (
				365E56411F25B3A00087A6D3 /* PROCSGO */,
				365E56561F25B3A00087A6D3 /* PROCSGOTests */,
				365E56611F25B3A00087A6D3 /* PROCSGOUITests */,
				365E56401F25B3A00087A6D3 /* Products */,
				365C05471F39B47A008A2F25 /* Frameworks */,
			);
			sourceTree = "<group>";
		};
		365E56401F25B3A00087A6D3 /* Products */ = {
			isa = PBXGroup;
			children = (
				365E563F1F25B3A00087A6D3 /* PROCSGO.app */,
				365E56531F25B3A00087A6D3 /* PROCSGOTests.xctest */,
				365E565E1F25B3A00087A6D3 /* PROCSGOUITests.xctest */,
			);
			name = Products;
			sourceTree = "<group>";
		};
		365E56411F25B3A00087A6D3 /* PROCSGO */ = {
			isa = PBXGroup;
			children = (
				364A18581F55657E00DAFC98 /* Supporting Files */,
				36B47B541F2DB48700CECB3F /* Resources */,
				36BB867E1F372FCB0044BDEC /* Helpers */,
				36AA692B1F52700D003660CA /* Rosters */,
				36AA692C1F527022003660CA /* News */,
				364A18591F5566AA00DAFC98 /* Profile */,
			);
			path = PROCSGO;
			sourceTree = "<group>";
		};
		365E56561F25B3A00087A6D3 /* PROCSGOTests */ = {
			isa = PBXGroup;
			children = (
				365E56571F25B3A00087A6D3 /* PROCSGOTests.swift */,
				365E56591F25B3A00087A6D3 /* Info.plist */,
			);
			path = PROCSGOTests;
			sourceTree = "<group>";
		};
		365E56611F25B3A00087A6D3 /* PROCSGOUITests */ = {
			isa = PBXGroup;
			children = (
				365E56621F25B3A00087A6D3 /* PROCSGOUITests.swift */,
				365E56641F25B3A00087A6D3 /* Info.plist */,
			);
			path = PROCSGOUITests;
			sourceTree = "<group>";
		};
		36AA692B1F52700D003660CA /* Rosters */ = {
			isa = PBXGroup;
			children = (
				36BF57621F356BC6003125C9 /* Teams */,
				365DDCE31F38122200364C0A /* Settings */,
				36BF57661F356C27003125C9 /* Players */,
				36BF57691F356C7D003125C9 /* Details */,
				36BB86771F37235A0044BDEC /* Povs */,
				36BB86761F3723530044BDEC /* Config */,
			);
			name = Rosters;
			sourceTree = "<group>";
		};
		36AA692C1F527022003660CA /* News */ = {
			isa = PBXGroup;
			children = (
				364A18571F55636C00DAFC98 /* View */,
				364A18561F55635B00DAFC98 /* Controller */,
			);
			name = News;
			sourceTree = "<group>";
		};
		36B47B541F2DB48700CECB3F /* Resources */ = {
			isa = PBXGroup;
			children = (
				3648D6171F401AAB00B3E941 /* csgonew.json */,
			);
			name = Resources;
			sourceTree = "<group>";
		};
		36BB86761F3723530044BDEC /* Config */ = {
			isa = PBXGroup;
			children = (
				36AE43141F29B37300C3A386 /* ConfigController.swift */,
				36BB867A1F3723B40044BDEC /* ConfigCell.swift */,
				36BB867C1F3723E90044BDEC /* ConfigHeader.swift */,
			);
			name = Config;
			sourceTree = "<group>";
		};
		36BB86771F37235A0044BDEC /* Povs */ = {
			isa = PBXGroup;
			children = (
				36631C051F30358100C6CDD5 /* PovController.swift */,
				36BB86781F3723820044BDEC /* VideoCell.swift */,
			);
			name = Povs;
			sourceTree = "<group>";
		};
		36BB867E1F372FCB0044BDEC /* Helpers */ = {
			isa = PBXGroup;
			children = (
				365E56421F25B3A00087A6D3 /* AppDelegate.swift */,
				364A18521F553E5800DAFC98 /* MainTabBarController.swift */,
				365E56721F25B9480087A6D3 /* Extensions.swift */,
				365E56741F25C5930087A6D3 /* Model.swift */,
				3612ED871F3D551D00AEA870 /* Constants.swift */,
				362DF0541F52D28100EEE73C /* BaseCell.swift */,
			);
			name = Helpers;
			sourceTree = "<group>";
		};
		36BF57621F356BC6003125C9 /* Teams */ = {
			isa = PBXGroup;
			children = (
				365E56701F25B40C0087A6D3 /* TeamsController.swift */,
				36BF57631F356BEA003125C9 /* TeamCell.swift */,
			);
			name = Teams;
			sourceTree = "<group>";
		};
		36BF57661F356C27003125C9 /* Players */ = {
			isa = PBXGroup;
			children = (
				365E56761F25E8B10087A6D3 /* PlayersController.swift */,
				36BF57671F356C5B003125C9 /* PlayerCell.swift */,
				3655DA6E1F4A769E003BA1F0 /* PopVC.swift */,
			);
			name = Players;
			sourceTree = "<group>";
		};
		36BF57691F356C7D003125C9 /* Details */ = {
			isa = PBXGroup;
			children = (
				369277051F28163C00AC434A /* DetailsController.swift */,
				36BF576A1F356CA4003125C9 /* ScreenshotsCell.swift */,
				36D8E5241F3AEF1800DE0566 /* ConfCell.swift */,
				36BF576E1F356CF9003125C9 /* GearCell.swift */,
				36BF576C1F356CD0003125C9 /* DescriptionCell.swift */,
			);
			name = Details;
			sourceTree = "<group>";
		};
/* End PBXGroup section */

/* Begin PBXNativeTarget section */
		365E563E1F25B3A00087A6D3 /* PROCSGO */ = {
			isa = PBXNativeTarget;
			buildConfigurationList = 365E56671F25B3A00087A6D3 /* Build configuration list for PBXNativeTarget "PROCSGO" */;
			buildPhases = (
				365E563B1F25B3A00087A6D3 /* Sources */,
				365E563C1F25B3A00087A6D3 /* Frameworks */,
				365E563D1F25B3A00087A6D3 /* Resources */,
			);
			buildRules = (
			);
			dependencies = (
			);
			name = PROCSGO;
			productName = PROCSGO;
			productReference = 365E563F1F25B3A00087A6D3 /* PROCSGO.app */;
			productType = "com.apple.product-type.application";
		};
		365E56521F25B3A00087A6D3 /* PROCSGOTests */ = {
			isa = PBXNativeTarget;
			buildConfigurationList = 365E566A1F25B3A00087A6D3 /* Build configuration list for PBXNativeTarget "PROCSGOTests" */;
			buildPhases = (
				365E564F1F25B3A00087A6D3 /* Sources */,
				365E56501F25B3A00087A6D3 /* Frameworks */,
				365E56511F25B3A00087A6D3 /* Resources */,
			);
			buildRules = (
			);
			dependencies = (
				365E56551F25B3A00087A6D3 /* PBXTargetDependency */,
			);
			name = PROCSGOTests;
			productName = PROCSGOTests;
			productReference = 365E56531F25B3A00087A6D3 /* PROCSGOTests.xctest */;
			productType = "com.apple.product-type.bundle.unit-test";
		};
		365E565D1F25B3A00087A6D3 /* PROCSGOUITests */ = {
			isa = PBXNativeTarget;
			buildConfigurationList = 365E566D1F25B3A00087A6D3 /* Build configuration list for PBXNativeTarget "PROCSGOUITests" */;
			buildPhases = (
				365E565A1F25B3A00087A6D3 /* Sources */,
				365E565B1F25B3A00087A6D3 /* Frameworks */,
				365E565C1F25B3A00087A6D3 /* Resources */,
			);
			buildRules = (
			);
			dependencies = (
				365E56601F25B3A00087A6D3 /* PBXTargetDependency */,
			);
			name = PROCSGOUITests;
			productName = PROCSGOUITests;
			productReference = 365E565E1F25B3A00087A6D3 /* PROCSGOUITests.xctest */;
			productType = "com.apple.product-type.bundle.ui-testing";
		};
/* End PBXNativeTarget section */

/* Begin PBXProject section */
		365E56371F25B3A00087A6D3 /* Project object */ = {
			isa = PBXProject;
			attributes = {
				LastSwiftUpdateCheck = 0830;
				LastUpgradeCheck = 0900;
				ORGANIZATIONNAME = "Pavel Bogart";
				TargetAttributes = {
					365E563E1F25B3A00087A6D3 = {
						CreatedOnToolsVersion = 8.3.3;
						DevelopmentTeam = 7CAT7V5Y6M;
						LastSwiftMigration = 0900;
						ProvisioningStyle = Automatic;
					};
					365E56521F25B3A00087A6D3 = {
						CreatedOnToolsVersion = 8.3.3;
						DevelopmentTeam = 7CAT7V5Y6M;
						LastSwiftMigration = 0900;
						ProvisioningStyle = Automatic;
						TestTargetID = 365E563E1F25B3A00087A6D3;
					};
					365E565D1F25B3A00087A6D3 = {
						CreatedOnToolsVersion = 8.3.3;
						DevelopmentTeam = 7CAT7V5Y6M;
						LastSwiftMigration = 0900;
						ProvisioningStyle = Automatic;
						TestTargetID = 365E563E1F25B3A00087A6D3;
					};
				};
			};
			buildConfigurationList = 365E563A1F25B3A00087A6D3 /* Build configuration list for PBXProject "PROCSGO" */;
			compatibilityVersion = "Xcode 3.2";
			developmentRegion = English;
			hasScannedForEncodings = 0;
			knownRegions = (
				en,
				Base,
			);
			mainGroup = 365E56361F25B3A00087A6D3;
			productRefGroup = 365E56401F25B3A00087A6D3 /* Products */;
			projectDirPath = "";
			projectRoot = "";
			targets = (
				365E563E1F25B3A00087A6D3 /* PROCSGO */,
				365E56521F25B3A00087A6D3 /* PROCSGOTests */,
				365E565D1F25B3A00087A6D3 /* PROCSGOUITests */,
			);
		};
/* End PBXProject section */

/* Begin PBXResourcesBuildPhase section */
		365E563D1F25B3A00087A6D3 /* Resources */ = {
			isa = PBXResourcesBuildPhase;
			buildActionMask = 2147483647;
			files = (
				365E564D1F25B3A00087A6D3 /* LaunchScreen.storyboard in Resources */,
				365E564A1F25B3A00087A6D3 /* Assets.xcassets in Resources */,
				3648D6181F401AAB00B3E941 /* csgonew.json in Resources */,
			);
			runOnlyForDeploymentPostprocessing = 0;
		};
		365E56511F25B3A00087A6D3 /* Resources */ = {
			isa = PBXResourcesBuildPhase;
			buildActionMask = 2147483647;
			files = (
			);
			runOnlyForDeploymentPostprocessing = 0;
		};
		365E565C1F25B3A00087A6D3 /* Resources */ = {
			isa = PBXResourcesBuildPhase;
			buildActionMask = 2147483647;
			files = (
			);
			runOnlyForDeploymentPostprocessing = 0;
		};
/* End PBXResourcesBuildPhase section */

/* Begin PBXSourcesBuildPhase section */
		365E563B1F25B3A00087A6D3 /* Sources */ = {
			isa = PBXSourcesBuildPhase;
			buildActionMask = 2147483647;
			files = (
				364A18531F553E5800DAFC98 /* MainTabBarController.swift in Sources */,
				36AA692E1F52707E003660CA /* NewsController.swift in Sources */,
				365DDCE21F380FDA00364C0A /* SettingModel.swift in Sources */,
				365E56711F25B40C0087A6D3 /* TeamsController.swift in Sources */,
				36BB867B1F3723B40044BDEC /* ConfigCell.swift in Sources */,
				36BB86801F3739E00044BDEC /* SettingsLauncher.swift in Sources */,
				36BF576F1F356CF9003125C9 /* GearCell.swift in Sources */,
				365DDCE51F38124200364C0A /* AboutController.swift in Sources */,
				365E56731F25B9480087A6D3 /* Extensions.swift in Sources */,
				36D8E5251F3AEF1800DE0566 /* ConfCell.swift in Sources */,
				36AE43151F29B37300C3A386 /* ConfigController.swift in Sources */,
				365E56771F25E8B10087A6D3 /* PlayersController.swift in Sources */,
				36BB86791F3723820044BDEC /* VideoCell.swift in Sources */,
				362DF0551F52D28100EEE73C /* BaseCell.swift in Sources */,
				365E56431F25B3A00087A6D3 /* AppDelegate.swift in Sources */,
				3612ED881F3D551D00AEA870 /* Constants.swift in Sources */,
				36BB867D1F3723E90044BDEC /* ConfigHeader.swift in Sources */,
				369277061F28163C00AC434A /* DetailsController.swift in Sources */,
				3655DA6F1F4A769E003BA1F0 /* PopVC.swift in Sources */,
				364A18551F55535100DAFC98 /* NewsDetailController.swift in Sources */,
				364A185B1F5566E200DAFC98 /* ProfileController.swift in Sources */,
				36BF576B1F356CA4003125C9 /* ScreenshotsCell.swift in Sources */,
				36BF57681F356C5B003125C9 /* PlayerCell.swift in Sources */,
				36BF576D1F356CD0003125C9 /* DescriptionCell.swift in Sources */,
				365E56751F25C5930087A6D3 /* Model.swift in Sources */,
				36BB86821F3745200044BDEC /* SettingCell.swift in Sources */,
				36631C061F30358100C6CDD5 /* PovController.swift in Sources */,
				36BF57641F356BEA003125C9 /* TeamCell.swift in Sources */,
				362DF0511F52B10E00EEE73C /* NewsCell.swift in Sources */,
			);
			runOnlyForDeploymentPostprocessing = 0;
		};
		365E564F1F25B3A00087A6D3 /* Sources */ = {
			isa = PBXSourcesBuildPhase;
			buildActionMask = 2147483647;
			files = (
				365E56581F25B3A00087A6D3 /* PROCSGOTests.swift in Sources */,
			);
			runOnlyForDeploymentPostprocessing = 0;
		};
		365E565A1F25B3A00087A6D3 /* Sources */ = {
			isa = PBXSourcesBuildPhase;
			buildActionMask = 2147483647;
			files = (
				365E56631F25B3A00087A6D3 /* PROCSGOUITests.swift in Sources */,
			);
			runOnlyForDeploymentPostprocessing = 0;
		};
/* End PBXSourcesBuildPhase section */

/* Begin PBXTargetDependency section */
		365E56551F25B3A00087A6D3 /* PBXTargetDependency */ = {
			isa = PBXTargetDependency;
			target = 365E563E1F25B3A00087A6D3 /* PROCSGO */;
			targetProxy = 365E56541F25B3A00087A6D3 /* PBXContainerItemProxy */;
		};
		365E56601F25B3A00087A6D3 /* PBXTargetDependency */ = {
			isa = PBXTargetDependency;
			target = 365E563E1F25B3A00087A6D3 /* PROCSGO */;
			targetProxy = 365E565F1F25B3A00087A6D3 /* PBXContainerItemProxy */;
		};
/* End PBXTargetDependency section */

/* Begin PBXVariantGroup section */
		365E564B1F25B3A00087A6D3 /* LaunchScreen.storyboard */ = {
			isa = PBXVariantGroup;
			children = (
				365E564C1F25B3A00087A6D3 /* Base */,
			);
			name = LaunchScreen.storyboard;
			sourceTree = "<group>";
		};
/* End PBXVariantGroup section */

/* Begin XCBuildConfiguration section */
		365E56651F25B3A00087A6D3 /* Debug */ = {
			isa = XCBuildConfiguration;
			buildSettings = {
				ALWAYS_SEARCH_USER_PATHS = NO;
				CLANG_ANALYZER_NONNULL = YES;
				CLANG_ANALYZER_NUMBER_OBJECT_CONVERSION = YES_AGGRESSIVE;
				CLANG_CXX_LANGUAGE_STANDARD = "gnu++0x";
				CLANG_CXX_LIBRARY = "libc++";
				CLANG_ENABLE_MODULES = YES;
				CLANG_ENABLE_OBJC_ARC = YES;
				CLANG_WARN_BLOCK_CAPTURE_AUTORELEASING = YES;
				CLANG_WARN_BOOL_CONVERSION = YES;
				CLANG_WARN_COMMA = YES;
				CLANG_WARN_CONSTANT_CONVERSION = YES;
				CLANG_WARN_DIRECT_OBJC_ISA_USAGE = YES_ERROR;
				CLANG_WARN_DOCUMENTATION_COMMENTS = YES;
				CLANG_WARN_EMPTY_BODY = YES;
				CLANG_WARN_ENUM_CONVERSION = YES;
				CLANG_WARN_INFINITE_RECURSION = YES;
				CLANG_WARN_INT_CONVERSION = YES;
				CLANG_WARN_NON_LITERAL_NULL_CONVERSION = YES;
				CLANG_WARN_OBJC_LITERAL_CONVERSION = YES;
				CLANG_WARN_OBJC_ROOT_CLASS = YES_ERROR;
				CLANG_WARN_RANGE_LOOP_ANALYSIS = YES;
				CLANG_WARN_STRICT_PROTOTYPES = YES;
				CLANG_WARN_SUSPICIOUS_MOVE = YES;
				CLANG_WARN_UNREACHABLE_CODE = YES;
				CLANG_WARN__DUPLICATE_METHOD_MATCH = YES;
				CODE_SIGN_IDENTITY = "iPhone Developer";
				"CODE_SIGN_IDENTITY[sdk=iphoneos*]" = "iPhone Developer";
				COPY_PHASE_STRIP = NO;
				DEBUG_INFORMATION_FORMAT = dwarf;
				ENABLE_STRICT_OBJC_MSGSEND = YES;
				ENABLE_TESTABILITY = YES;
				GCC_C_LANGUAGE_STANDARD = gnu99;
				GCC_DYNAMIC_NO_PIC = NO;
				GCC_NO_COMMON_BLOCKS = YES;
				GCC_OPTIMIZATION_LEVEL = 0;
				GCC_PREPROCESSOR_DEFINITIONS = (
					"DEBUG=1",
					"$(inherited)",
				);
				GCC_WARN_64_TO_32_BIT_CONVERSION = YES;
				GCC_WARN_ABOUT_RETURN_TYPE = YES_ERROR;
				GCC_WARN_UNDECLARED_SELECTOR = YES;
				GCC_WARN_UNINITIALIZED_AUTOS = YES_AGGRESSIVE;
				GCC_WARN_UNUSED_FUNCTION = YES;
				GCC_WARN_UNUSED_VARIABLE = YES;
				IPHONEOS_DEPLOYMENT_TARGET = 10.3;
				MTL_ENABLE_DEBUG_INFO = YES;
				ONLY_ACTIVE_ARCH = YES;
				SDKROOT = iphoneos;
				SWIFT_ACTIVE_COMPILATION_CONDITIONS = DEBUG;
				SWIFT_OPTIMIZATION_LEVEL = "-Onone";
			};
			name = Debug;
		};
		365E56661F25B3A00087A6D3 /* Release */ = {
			isa = XCBuildConfiguration;
			buildSettings = {
				ALWAYS_SEARCH_USER_PATHS = NO;
				CLANG_ANALYZER_NONNULL = YES;
				CLANG_ANALYZER_NUMBER_OBJECT_CONVERSION = YES_AGGRESSIVE;
				CLANG_CXX_LANGUAGE_STANDARD = "gnu++0x";
				CLANG_CXX_LIBRARY = "libc++";
				CLANG_ENABLE_MODULES = YES;
				CLANG_ENABLE_OBJC_ARC = YES;
				CLANG_WARN_BLOCK_CAPTURE_AUTORELEASING = YES;
				CLANG_WARN_BOOL_CONVERSION = YES;
				CLANG_WARN_COMMA = YES;
				CLANG_WARN_CONSTANT_CONVERSION = YES;
				CLANG_WARN_DIRECT_OBJC_ISA_USAGE = YES_ERROR;
				CLANG_WARN_DOCUMENTATION_COMMENTS = YES;
				CLANG_WARN_EMPTY_BODY = YES;
				CLANG_WARN_ENUM_CONVERSION = YES;
				CLANG_WARN_INFINITE_RECURSION = YES;
				CLANG_WARN_INT_CONVERSION = YES;
				CLANG_WARN_NON_LITERAL_NULL_CONVERSION = YES;
				CLANG_WARN_OBJC_LITERAL_CONVERSION = YES;
				CLANG_WARN_OBJC_ROOT_CLASS = YES_ERROR;
				CLANG_WARN_RANGE_LOOP_ANALYSIS = YES;
				CLANG_WARN_STRICT_PROTOTYPES = YES;
				CLANG_WARN_SUSPICIOUS_MOVE = YES;
				CLANG_WARN_UNREACHABLE_CODE = YES;
				CLANG_WARN__DUPLICATE_METHOD_MATCH = YES;
				CODE_SIGN_IDENTITY = "iPhone Distribution";
				"CODE_SIGN_IDENTITY[sdk=iphoneos*]" = "iPhone Developer";
				COPY_PHASE_STRIP = NO;
				DEBUG_INFORMATION_FORMAT = "dwarf-with-dsym";
				ENABLE_NS_ASSERTIONS = NO;
				ENABLE_STRICT_OBJC_MSGSEND = YES;
				GCC_C_LANGUAGE_STANDARD = gnu99;
				GCC_NO_COMMON_BLOCKS = YES;
				GCC_WARN_64_TO_32_BIT_CONVERSION = YES;
				GCC_WARN_ABOUT_RETURN_TYPE = YES_ERROR;
				GCC_WARN_UNDECLARED_SELECTOR = YES;
				GCC_WARN_UNINITIALIZED_AUTOS = YES_AGGRESSIVE;
				GCC_WARN_UNUSED_FUNCTION = YES;
				GCC_WARN_UNUSED_VARIABLE = YES;
				IPHONEOS_DEPLOYMENT_TARGET = 10.3;
				MTL_ENABLE_DEBUG_INFO = NO;
				SDKROOT = iphoneos;
				SWIFT_OPTIMIZATION_LEVEL = "-Owholemodule";
				VALIDATE_PRODUCT = YES;
			};
			name = Release;
		};
		365E56681F25B3A00087A6D3 /* Debug */ = {
			isa = XCBuildConfiguration;
			buildSettings = {
				ASSETCATALOG_COMPILER_APPICON_NAME = AppIcon;
				DEVELOPMENT_TEAM = 7CAT7V5Y6M;
				INFOPLIST_FILE = PROCSGO/Info.plist;
				LD_RUNPATH_SEARCH_PATHS = "$(inherited) @executable_path/Frameworks";
				PRODUCT_BUNDLE_IDENTIFIER = bogart.PROCSGO;
				PRODUCT_NAME = "$(TARGET_NAME)";
				SWIFT_VERSION = 3.0;
			};
			name = Debug;
		};
		365E56691F25B3A00087A6D3 /* Release */ = {
			isa = XCBuildConfiguration;
			buildSettings = {
				ASSETCATALOG_COMPILER_APPICON_NAME = AppIcon;
				DEVELOPMENT_TEAM = 7CAT7V5Y6M;
				INFOPLIST_FILE = PROCSGO/Info.plist;
				LD_RUNPATH_SEARCH_PATHS = "$(inherited) @executable_path/Frameworks";
				PRODUCT_BUNDLE_IDENTIFIER = bogart.PROCSGO;
				PRODUCT_NAME = "$(TARGET_NAME)";
				SWIFT_VERSION = 3.0;
			};
			name = Release;
		};
		365E566B1F25B3A00087A6D3 /* Debug */ = {
			isa = XCBuildConfiguration;
			buildSettings = {
				ALWAYS_EMBED_SWIFT_STANDARD_LIBRARIES = YES;
				BUNDLE_LOADER = "$(TEST_HOST)";
				DEVELOPMENT_TEAM = 7CAT7V5Y6M;
				INFOPLIST_FILE = PROCSGOTests/Info.plist;
				LD_RUNPATH_SEARCH_PATHS = "$(inherited) @executable_path/Frameworks @loader_path/Frameworks";
				PRODUCT_BUNDLE_IDENTIFIER = bogart.PROCSGOTests;
				PRODUCT_NAME = "$(TARGET_NAME)";
				SWIFT_VERSION = 3.0;
				TEST_HOST = "$(BUILT_PRODUCTS_DIR)/PROCSGO.app/PROCSGO";
			};
			name = Debug;
		};
		365E566C1F25B3A00087A6D3 /* Release */ = {
			isa = XCBuildConfiguration;
			buildSettings = {
				ALWAYS_EMBED_SWIFT_STANDARD_LIBRARIES = YES;
				BUNDLE_LOADER = "$(TEST_HOST)";
				DEVELOPMENT_TEAM = 7CAT7V5Y6M;
				INFOPLIST_FILE = PROCSGOTests/Info.plist;
				LD_RUNPATH_SEARCH_PATHS = "$(inherited) @executable_path/Frameworks @loader_path/Frameworks";
				PRODUCT_BUNDLE_IDENTIFIER = bogart.PROCSGOTests;
				PRODUCT_NAME = "$(TARGET_NAME)";
				SWIFT_VERSION = 3.0;
				TEST_HOST = "$(BUILT_PRODUCTS_DIR)/PROCSGO.app/PROCSGO";
			};
			name = Release;
		};
		365E566E1F25B3A00087A6D3 /* Debug */ = {
			isa = XCBuildConfiguration;
			buildSettings = {
				ALWAYS_EMBED_SWIFT_STANDARD_LIBRARIES = YES;
				DEVELOPMENT_TEAM = 7CAT7V5Y6M;
				INFOPLIST_FILE = PROCSGOUITests/Info.plist;
				LD_RUNPATH_SEARCH_PATHS = "$(inherited) @executable_path/Frameworks @loader_path/Frameworks";
				PRODUCT_BUNDLE_IDENTIFIER = bogart.PROCSGOUITests;
				PRODUCT_NAME = "$(TARGET_NAME)";
				SWIFT_VERSION = 3.0;
				TEST_TARGET_NAME = PROCSGO;
			};
			name = Debug;
		};
		365E566F1F25B3A00087A6D3 /* Release */ = {
			isa = XCBuildConfiguration;
			buildSettings = {
				ALWAYS_EMBED_SWIFT_STANDARD_LIBRARIES = YES;
				DEVELOPMENT_TEAM = 7CAT7V5Y6M;
				INFOPLIST_FILE = PROCSGOUITests/Info.plist;
				LD_RUNPATH_SEARCH_PATHS = "$(inherited) @executable_path/Frameworks @loader_path/Frameworks";
				PRODUCT_BUNDLE_IDENTIFIER = bogart.PROCSGOUITests;
				PRODUCT_NAME = "$(TARGET_NAME)";
				SWIFT_VERSION = 3.0;
				TEST_TARGET_NAME = PROCSGO;
			};
			name = Release;
		};
/* End XCBuildConfiguration section */

/* Begin XCConfigurationList section */
		365E563A1F25B3A00087A6D3 /* Build configuration list for PBXProject "PROCSGO" */ = {
			isa = XCConfigurationList;
			buildConfigurations = (
				365E56651F25B3A00087A6D3 /* Debug */,
				365E56661F25B3A00087A6D3 /* Release */,
			);
			defaultConfigurationIsVisible = 0;
			defaultConfigurationName = Release;
		};
		365E56671F25B3A00087A6D3 /* Build configuration list for PBXNativeTarget "PROCSGO" */ = {
			isa = XCConfigurationList;
			buildConfigurations = (
				365E56681F25B3A00087A6D3 /* Debug */,
				365E56691F25B3A00087A6D3 /* Release */,
			);
			defaultConfigurationIsVisible = 0;
			defaultConfigurationName = Release;
		};
		365E566A1F25B3A00087A6D3 /* Build configuration list for PBXNativeTarget "PROCSGOTests" */ = {
			isa = XCConfigurationList;
			buildConfigurations = (
				365E566B1F25B3A00087A6D3 /* Debug */,
				365E566C1F25B3A00087A6D3 /* Release */,
			);
			defaultConfigurationIsVisible = 0;
			defaultConfigurationName = Release;
		};
		365E566D1F25B3A00087A6D3 /* Build configuration list for PBXNativeTarget "PROCSGOUITests" */ = {
			isa = XCConfigurationList;
			buildConfigurations = (
				365E566E1F25B3A00087A6D3 /* Debug */,
				365E566F1F25B3A00087A6D3 /* Release */,
			);
			defaultConfigurationIsVisible = 0;
			defaultConfigurationName = Release;
		};
/* End XCConfigurationList section */
	};
	rootObject = 365E56371F25B3A00087A6D3 /* Project object */;
}
